// !$*UTF8*$!
{
	archiveVersion = 1;
	classes = {
	};
	objectVersion = 56;
	objects = {

/* Begin PBXBuildFile section */
		0F43F6812A6EA86B00239AA4 /* MapView.swift in Sources */ = {isa = PBXBuildFile; fileRef = 0F43F6802A6EA86B00239AA4 /* MapView.swift */; };
		0F43F6832A6EA8AC00239AA4 /* HomeView.swift in Sources */ = {isa = PBXBuildFile; fileRef = 0F43F6822A6EA8AC00239AA4 /* HomeView.swift */; };
		0F4C83572A7727BF0006A8EA /* ChooseUnivView.swift in Sources */ = {isa = PBXBuildFile; fileRef = 0F4C83562A7727BE0006A8EA /* ChooseUnivView.swift */; };
		0F5B15742A7F8C9C00E698F4 /* Color+Extensions.swift in Sources */ = {isa = PBXBuildFile; fileRef = 0F5B15732A7F8C9C00E698F4 /* Color+Extensions.swift */; };
		0F78AFF92A6CCA6B006B8C80 /* EveryMeal_iOSApp.swift in Sources */ = {isa = PBXBuildFile; fileRef = 0F78AFF82A6CCA6B006B8C80 /* EveryMeal_iOSApp.swift */; };
		0F78AFFB2A6CCA6B006B8C80 /* SplashView.swift in Sources */ = {isa = PBXBuildFile; fileRef = 0F78AFFA2A6CCA6B006B8C80 /* SplashView.swift */; };
		0F78AFFD2A6CCA6C006B8C80 /* Assets.xcassets in Resources */ = {isa = PBXBuildFile; fileRef = 0F78AFFC2A6CCA6C006B8C80 /* Assets.xcassets */; };
		0F78B0002A6CCA6C006B8C80 /* Preview Assets.xcassets in Resources */ = {isa = PBXBuildFile; fileRef = 0F78AFFF2A6CCA6C006B8C80 /* Preview Assets.xcassets */; };
		0F78B00B2A6D3901006B8C80 /* everymeal_splash.json in Resources */ = {isa = PBXBuildFile; fileRef = 0F78B00A2A6D3901006B8C80 /* everymeal_splash.json */; };
		0F78B0102A6D39AD006B8C80 /* Lottie in Frameworks */ = {isa = PBXBuildFile; productRef = 0F78B00F2A6D39AD006B8C80 /* Lottie */; };
		0F78B0142A6D39DC006B8C80 /* MainTabBarView.swift in Sources */ = {isa = PBXBuildFile; fileRef = 0F78B0132A6D39DC006B8C80 /* MainTabBarView.swift */; };
/* End PBXBuildFile section */

/* Begin PBXFileReference section */
		0F43F6802A6EA86B00239AA4 /* MapView.swift */ = {isa = PBXFileReference; lastKnownFileType = sourcecode.swift; path = MapView.swift; sourceTree = "<group>"; };
		0F43F6822A6EA8AC00239AA4 /* HomeView.swift */ = {isa = PBXFileReference; lastKnownFileType = sourcecode.swift; path = HomeView.swift; sourceTree = "<group>"; };
		0F4C83562A7727BE0006A8EA /* ChooseUnivView.swift */ = {isa = PBXFileReference; lastKnownFileType = sourcecode.swift; path = ChooseUnivView.swift; sourceTree = "<group>"; };
		0F5B15732A7F8C9C00E698F4 /* Color+Extensions.swift */ = {isa = PBXFileReference; lastKnownFileType = sourcecode.swift; path = "Color+Extensions.swift"; sourceTree = "<group>"; };
		0F78AFF52A6CCA6B006B8C80 /* EveryMeal_iOS.app */ = {isa = PBXFileReference; explicitFileType = wrapper.application; includeInIndex = 0; path = EveryMeal_iOS.app; sourceTree = BUILT_PRODUCTS_DIR; };
		0F78AFF82A6CCA6B006B8C80 /* EveryMeal_iOSApp.swift */ = {isa = PBXFileReference; lastKnownFileType = sourcecode.swift; path = EveryMeal_iOSApp.swift; sourceTree = "<group>"; };
		0F78AFFA2A6CCA6B006B8C80 /* SplashView.swift */ = {isa = PBXFileReference; lastKnownFileType = sourcecode.swift; path = SplashView.swift; sourceTree = "<group>"; };
		0F78AFFC2A6CCA6C006B8C80 /* Assets.xcassets */ = {isa = PBXFileReference; lastKnownFileType = folder.assetcatalog; path = Assets.xcassets; sourceTree = "<group>"; };
		0F78AFFF2A6CCA6C006B8C80 /* Preview Assets.xcassets */ = {isa = PBXFileReference; lastKnownFileType = folder.assetcatalog; path = "Preview Assets.xcassets"; sourceTree = "<group>"; };
		0F78B0062A6D1D8F006B8C80 /* info.plist */ = {isa = PBXFileReference; lastKnownFileType = text.plist.xml; path = info.plist; sourceTree = SOURCE_ROOT; };
		0F78B00A2A6D3901006B8C80 /* everymeal_splash.json */ = {isa = PBXFileReference; fileEncoding = 4; lastKnownFileType = text.json; path = everymeal_splash.json; sourceTree = "<group>"; };
		0F78B0132A6D39DC006B8C80 /* MainTabBarView.swift */ = {isa = PBXFileReference; lastKnownFileType = sourcecode.swift; path = MainTabBarView.swift; sourceTree = "<group>"; };
/* End PBXFileReference section */

/* Begin PBXFrameworksBuildPhase section */
		0F78AFF22A6CCA6B006B8C80 /* Frameworks */ = {
			isa = PBXFrameworksBuildPhase;
			buildActionMask = 2147483647;
			files = (
				0F78B0102A6D39AD006B8C80 /* Lottie in Frameworks */,
			);
			runOnlyForDeploymentPostprocessing = 0;
		};
/* End PBXFrameworksBuildPhase section */

/* Begin PBXGroup section */
		0F43F67E2A6EA82C00239AA4 /* Home */ = {
			isa = PBXGroup;
			children = (
				0F43F6822A6EA8AC00239AA4 /* HomeView.swift */,
			);
			path = Home;
			sourceTree = "<group>";
		};
		0F43F67F2A6EA83400239AA4 /* Map */ = {
			isa = PBXGroup;
			children = (
				0F43F6802A6EA86B00239AA4 /* MapView.swift */,
			);
			path = Map;
			sourceTree = "<group>";
		};
		0F4C83552A7727A00006A8EA /* Univ */ = {
			isa = PBXGroup;
			children = (
				0F4C83562A7727BE0006A8EA /* ChooseUnivView.swift */,
			);
			path = Univ;
			sourceTree = "<group>";
		};
		0F5B15722A7F8C8500E698F4 /* Utils */ = {
			isa = PBXGroup;
			children = (
				0F5B15732A7F8C9C00E698F4 /* Color+Extensions.swift */,
			);
			path = Utils;
			sourceTree = "<group>";
		};
		0F78AFEC2A6CCA6B006B8C80 = {
			isa = PBXGroup;
			children = (
				0F78AFF72A6CCA6B006B8C80 /* EveryMeal_iOS */,
				0F78AFF62A6CCA6B006B8C80 /* Products */,
			);
			sourceTree = "<group>";
		};
		0F78AFF62A6CCA6B006B8C80 /* Products */ = {
			isa = PBXGroup;
			children = (
				0F78AFF52A6CCA6B006B8C80 /* EveryMeal_iOS.app */,
			);
			name = Products;
			sourceTree = "<group>";
		};
		0F78AFF72A6CCA6B006B8C80 /* EveryMeal_iOS */ = {
			isa = PBXGroup;
			children = (
				0F78AFF82A6CCA6B006B8C80 /* EveryMeal_iOSApp.swift */,
				0F78B0062A6D1D8F006B8C80 /* info.plist */,
				0F78B0072A6D38A2006B8C80 /* Resources */,
				0F78B0082A6D38AB006B8C80 /* Sources */,
				0F78AFFE2A6CCA6C006B8C80 /* Preview Content */,
			);
			path = EveryMeal_iOS;
			sourceTree = "<group>";
		};
		0F78AFFE2A6CCA6C006B8C80 /* Preview Content */ = {
			isa = PBXGroup;
			children = (
				0F78AFFF2A6CCA6C006B8C80 /* Preview Assets.xcassets */,
			);
			path = "Preview Content";
			sourceTree = "<group>";
		};
		0F78B0072A6D38A2006B8C80 /* Resources */ = {
			isa = PBXGroup;
			children = (
				0F78AFFC2A6CCA6C006B8C80 /* Assets.xcassets */,
				0F78B0092A6D38E4006B8C80 /* Lotties */,
			);
			path = Resources;
			sourceTree = "<group>";
		};
		0F78B0082A6D38AB006B8C80 /* Sources */ = {
			isa = PBXGroup;
			children = (
				0F5B15722A7F8C8500E698F4 /* Utils */,
				0F78B00C2A6D393E006B8C80 /* App */,
			);
			path = Sources;
			sourceTree = "<group>";
		};
		0F78B0092A6D38E4006B8C80 /* Lotties */ = {
			isa = PBXGroup;
			children = (
				0F78B00A2A6D3901006B8C80 /* everymeal_splash.json */,
			);
			path = Lotties;
			sourceTree = "<group>";
		};
		0F78B00C2A6D393E006B8C80 /* App */ = {
			isa = PBXGroup;
			children = (
				0F78B00D2A6D3942006B8C80 /* Scenes */,
			);
			path = App;
			sourceTree = "<group>";
		};
		0F78B00D2A6D3942006B8C80 /* Scenes */ = {
			isa = PBXGroup;
			children = (
				0F4C83552A7727A00006A8EA /* Univ */,
				0F78B0112A6D39BC006B8C80 /* Splash */,
				0F78B0122A6D39C6006B8C80 /* MainTab */,
				0F43F67E2A6EA82C00239AA4 /* Home */,
				0F43F67F2A6EA83400239AA4 /* Map */,
			);
			path = Scenes;
			sourceTree = "<group>";
		};
		0F78B0112A6D39BC006B8C80 /* Splash */ = {
			isa = PBXGroup;
			children = (
				0F78AFFA2A6CCA6B006B8C80 /* SplashView.swift */,
			);
			path = Splash;
			sourceTree = "<group>";
		};
		0F78B0122A6D39C6006B8C80 /* MainTab */ = {
			isa = PBXGroup;
			children = (
				0F78B0132A6D39DC006B8C80 /* MainTabBarView.swift */,
			);
			path = MainTab;
			sourceTree = "<group>";
		};
/* End PBXGroup section */

/* Begin PBXNativeTarget section */
		0F78AFF42A6CCA6B006B8C80 /* EveryMeal_iOS */ = {
			isa = PBXNativeTarget;
			buildConfigurationList = 0F78B0032A6CCA6C006B8C80 /* Build configuration list for PBXNativeTarget "EveryMeal_iOS" */;
			buildPhases = (
				0F78AFF12A6CCA6B006B8C80 /* Sources */,
				0F78AFF22A6CCA6B006B8C80 /* Frameworks */,
				0F78AFF32A6CCA6B006B8C80 /* Resources */,
			);
			buildRules = (
			);
			dependencies = (
			);
			name = EveryMeal_iOS;
			packageProductDependencies = (
				0F78B00F2A6D39AD006B8C80 /* Lottie */,
			);
			productName = EveryMeal_iOS;
			productReference = 0F78AFF52A6CCA6B006B8C80 /* EveryMeal_iOS.app */;
			productType = "com.apple.product-type.application";
		};
/* End PBXNativeTarget section */

/* Begin PBXProject section */
		0F78AFED2A6CCA6B006B8C80 /* Project object */ = {
			isa = PBXProject;
			attributes = {
				BuildIndependentTargetsInParallel = 1;
				LastSwiftUpdateCheck = 1430;
				LastUpgradeCheck = 1430;
				TargetAttributes = {
					0F78AFF42A6CCA6B006B8C80 = {
						CreatedOnToolsVersion = 14.3.1;
					};
				};
			};
			buildConfigurationList = 0F78AFF02A6CCA6B006B8C80 /* Build configuration list for PBXProject "EveryMeal_iOS" */;
			compatibilityVersion = "Xcode 14.0";
			developmentRegion = en;
			hasScannedForEncodings = 0;
			knownRegions = (
				en,
				Base,
			);
			mainGroup = 0F78AFEC2A6CCA6B006B8C80;
			packageReferences = (
				0F78B00E2A6D39AD006B8C80 /* XCRemoteSwiftPackageReference "lottie-ios" */,
			);
			productRefGroup = 0F78AFF62A6CCA6B006B8C80 /* Products */;
			projectDirPath = "";
			projectRoot = "";
			targets = (
				0F78AFF42A6CCA6B006B8C80 /* EveryMeal_iOS */,
			);
		};
/* End PBXProject section */

/* Begin PBXResourcesBuildPhase section */
		0F78AFF32A6CCA6B006B8C80 /* Resources */ = {
			isa = PBXResourcesBuildPhase;
			buildActionMask = 2147483647;
			files = (
				0F78B0002A6CCA6C006B8C80 /* Preview Assets.xcassets in Resources */,
				0F78AFFD2A6CCA6C006B8C80 /* Assets.xcassets in Resources */,
				0F78B00B2A6D3901006B8C80 /* everymeal_splash.json in Resources */,
			);
			runOnlyForDeploymentPostprocessing = 0;
		};
/* End PBXResourcesBuildPhase section */

/* Begin PBXSourcesBuildPhase section */
		0F78AFF12A6CCA6B006B8C80 /* Sources */ = {
			isa = PBXSourcesBuildPhase;
			buildActionMask = 2147483647;
			files = (
				0F78AFFB2A6CCA6B006B8C80 /* SplashView.swift in Sources */,
				0F43F6812A6EA86B00239AA4 /* MapView.swift in Sources */,
				0F78B0142A6D39DC006B8C80 /* MainTabBarView.swift in Sources */,
				0F43F6832A6EA8AC00239AA4 /* HomeView.swift in Sources */,
				0F5B15742A7F8C9C00E698F4 /* Color+Extensions.swift in Sources */,
				0F78AFF92A6CCA6B006B8C80 /* EveryMeal_iOSApp.swift in Sources */,
				0F4C83572A7727BF0006A8EA /* ChooseUnivView.swift in Sources */,
			);
			runOnlyForDeploymentPostprocessing = 0;
		};
/* End PBXSourcesBuildPhase section */

/* Begin XCBuildConfiguration section */
		0F78B0012A6CCA6C006B8C80 /* Debug */ = {
			isa = XCBuildConfiguration;
			buildSettings = {
				ALWAYS_SEARCH_USER_PATHS = NO;
				CLANG_ANALYZER_NONNULL = YES;
				CLANG_ANALYZER_NUMBER_OBJECT_CONVERSION = YES_AGGRESSIVE;
				CLANG_CXX_LANGUAGE_STANDARD = "gnu++20";
				CLANG_ENABLE_MODULES = YES;
				CLANG_ENABLE_OBJC_ARC = YES;
				CLANG_ENABLE_OBJC_WEAK = YES;
				CLANG_WARN_BLOCK_CAPTURE_AUTORELEASING = YES;
				CLANG_WARN_BOOL_CONVERSION = YES;
				CLANG_WARN_COMMA = YES;
				CLANG_WARN_CONSTANT_CONVERSION = YES;
				CLANG_WARN_DEPRECATED_OBJC_IMPLEMENTATIONS = YES;
				CLANG_WARN_DIRECT_OBJC_ISA_USAGE = YES_ERROR;
				CLANG_WARN_DOCUMENTATION_COMMENTS = YES;
				CLANG_WARN_EMPTY_BODY = YES;
				CLANG_WARN_ENUM_CONVERSION = YES;
				CLANG_WARN_INFINITE_RECURSION = YES;
				CLANG_WARN_INT_CONVERSION = YES;
				CLANG_WARN_NON_LITERAL_NULL_CONVERSION = YES;
				CLANG_WARN_OBJC_IMPLICIT_RETAIN_SELF = YES;
				CLANG_WARN_OBJC_LITERAL_CONVERSION = YES;
				CLANG_WARN_OBJC_ROOT_CLASS = YES_ERROR;
				CLANG_WARN_QUOTED_INCLUDE_IN_FRAMEWORK_HEADER = YES;
				CLANG_WARN_RANGE_LOOP_ANALYSIS = YES;
				CLANG_WARN_STRICT_PROTOTYPES = YES;
				CLANG_WARN_SUSPICIOUS_MOVE = YES;
				CLANG_WARN_UNGUARDED_AVAILABILITY = YES_AGGRESSIVE;
				CLANG_WARN_UNREACHABLE_CODE = YES;
				CLANG_WARN__DUPLICATE_METHOD_MATCH = YES;
				COPY_PHASE_STRIP = NO;
				DEBUG_INFORMATION_FORMAT = dwarf;
				ENABLE_STRICT_OBJC_MSGSEND = YES;
				ENABLE_TESTABILITY = YES;
				GCC_C_LANGUAGE_STANDARD = gnu11;
				GCC_DYNAMIC_NO_PIC = NO;
				GCC_NO_COMMON_BLOCKS = YES;
				GCC_OPTIMIZATION_LEVEL = 0;
				GCC_PREPROCESSOR_DEFINITIONS = (
					"DEBUG=1",
					"$(inherited)",
				);
				GCC_WARN_64_TO_32_BIT_CONVERSION = YES;
				GCC_WARN_ABOUT_RETURN_TYPE = YES_ERROR;
				GCC_WARN_UNDECLARED_SELECTOR = YES;
				GCC_WARN_UNINITIALIZED_AUTOS = YES_AGGRESSIVE;
				GCC_WARN_UNUSED_FUNCTION = YES;
				GCC_WARN_UNUSED_VARIABLE = YES;
				IPHONEOS_DEPLOYMENT_TARGET = 16.4;
				MTL_ENABLE_DEBUG_INFO = INCLUDE_SOURCE;
				MTL_FAST_MATH = YES;
				ONLY_ACTIVE_ARCH = YES;
				SDKROOT = iphoneos;
				SWIFT_ACTIVE_COMPILATION_CONDITIONS = DEBUG;
				SWIFT_OPTIMIZATION_LEVEL = "-Onone";
			};
			name = Debug;
		};
		0F78B0022A6CCA6C006B8C80 /* Release */ = {
			isa = XCBuildConfiguration;
			buildSettings = {
				ALWAYS_SEARCH_USER_PATHS = NO;
				CLANG_ANALYZER_NONNULL = YES;
				CLANG_ANALYZER_NUMBER_OBJECT_CONVERSION = YES_AGGRESSIVE;
				CLANG_CXX_LANGUAGE_STANDARD = "gnu++20";
				CLANG_ENABLE_MODULES = YES;
				CLANG_ENABLE_OBJC_ARC = YES;
				CLANG_ENABLE_OBJC_WEAK = YES;
				CLANG_WARN_BLOCK_CAPTURE_AUTORELEASING = YES;
				CLANG_WARN_BOOL_CONVERSION = YES;
				CLANG_WARN_COMMA = YES;
				CLANG_WARN_CONSTANT_CONVERSION = YES;
				CLANG_WARN_DEPRECATED_OBJC_IMPLEMENTATIONS = YES;
				CLANG_WARN_DIRECT_OBJC_ISA_USAGE = YES_ERROR;
				CLANG_WARN_DOCUMENTATION_COMMENTS = YES;
				CLANG_WARN_EMPTY_BODY = YES;
				CLANG_WARN_ENUM_CONVERSION = YES;
				CLANG_WARN_INFINITE_RECURSION = YES;
				CLANG_WARN_INT_CONVERSION = YES;
				CLANG_WARN_NON_LITERAL_NULL_CONVERSION = YES;
				CLANG_WARN_OBJC_IMPLICIT_RETAIN_SELF = YES;
				CLANG_WARN_OBJC_LITERAL_CONVERSION = YES;
				CLANG_WARN_OBJC_ROOT_CLASS = YES_ERROR;
				CLANG_WARN_QUOTED_INCLUDE_IN_FRAMEWORK_HEADER = YES;
				CLANG_WARN_RANGE_LOOP_ANALYSIS = YES;
				CLANG_WARN_STRICT_PROTOTYPES = YES;
				CLANG_WARN_SUSPICIOUS_MOVE = YES;
				CLANG_WARN_UNGUARDED_AVAILABILITY = YES_AGGRESSIVE;
				CLANG_WARN_UNREACHABLE_CODE = YES;
				CLANG_WARN__DUPLICATE_METHOD_MATCH = YES;
				COPY_PHASE_STRIP = NO;
				DEBUG_INFORMATION_FORMAT = "dwarf-with-dsym";
				ENABLE_NS_ASSERTIONS = NO;
				ENABLE_STRICT_OBJC_MSGSEND = YES;
				GCC_C_LANGUAGE_STANDARD = gnu11;
				GCC_NO_COMMON_BLOCKS = YES;
				GCC_WARN_64_TO_32_BIT_CONVERSION = YES;
				GCC_WARN_ABOUT_RETURN_TYPE = YES_ERROR;
				GCC_WARN_UNDECLARED_SELECTOR = YES;
				GCC_WARN_UNINITIALIZED_AUTOS = YES_AGGRESSIVE;
				GCC_WARN_UNUSED_FUNCTION = YES;
				GCC_WARN_UNUSED_VARIABLE = YES;
				IPHONEOS_DEPLOYMENT_TARGET = 16.4;
				MTL_ENABLE_DEBUG_INFO = NO;
				MTL_FAST_MATH = YES;
				SDKROOT = iphoneos;
				SWIFT_COMPILATION_MODE = wholemodule;
				SWIFT_OPTIMIZATION_LEVEL = "-O";
				VALIDATE_PRODUCT = YES;
			};
			name = Release;
		};
		0F78B0042A6CCA6C006B8C80 /* Debug */ = {
			isa = XCBuildConfiguration;
			buildSettings = {
				ASSETCATALOG_COMPILER_APPICON_NAME = AppIcon;
				ASSETCATALOG_COMPILER_GLOBAL_ACCENT_COLOR_NAME = AccentColor;
				CODE_SIGN_STYLE = Automatic;
				CURRENT_PROJECT_VERSION = 1;
				DEVELOPMENT_ASSET_PATHS = "\"EveryMeal_iOS/Preview Content\"";
				DEVELOPMENT_TEAM = XK53VMU7S3;
				ENABLE_PREVIEWS = YES;
				GENERATE_INFOPLIST_FILE = YES;
				INFOPLIST_FILE = Info.plist;
				INFOPLIST_KEY_CFBundleDisplayName = "에브리밀";
				INFOPLIST_KEY_UIApplicationSceneManifest_Generation = YES;
				INFOPLIST_KEY_UIApplicationSupportsIndirectInputEvents = YES;
				INFOPLIST_KEY_UILaunchScreen_Generation = YES;
				INFOPLIST_KEY_UISupportedInterfaceOrientations = UIInterfaceOrientationPortrait;
				IPHONEOS_DEPLOYMENT_TARGET = 15.0;
				LD_RUNPATH_SEARCH_PATHS = (
					"$(inherited)",
					"@executable_path/Frameworks",
				);
				MARKETING_VERSION = 1.0.0;
				PRODUCT_BUNDLE_IDENTIFIER = "com.everyMeal.EveryMeal-iOS";
				PRODUCT_NAME = "$(TARGET_NAME)";
				SWIFT_EMIT_LOC_STRINGS = YES;
				SWIFT_VERSION = 5.0;
				TARGETED_DEVICE_FAMILY = "1,2";
			};
			name = Debug;
		};
		0F78B0052A6CCA6C006B8C80 /* Release */ = {
			isa = XCBuildConfiguration;
			buildSettings = {
				ASSETCATALOG_COMPILER_APPICON_NAME = AppIcon;
				ASSETCATALOG_COMPILER_GLOBAL_ACCENT_COLOR_NAME = AccentColor;
				CODE_SIGN_STYLE = Automatic;
				CURRENT_PROJECT_VERSION = 1;
				DEVELOPMENT_ASSET_PATHS = "\"EveryMeal_iOS/Preview Content\"";
				DEVELOPMENT_TEAM = XK53VMU7S3;
				ENABLE_PREVIEWS = YES;
				GENERATE_INFOPLIST_FILE = YES;
				INFOPLIST_FILE = Info.plist;
				INFOPLIST_KEY_CFBundleDisplayName = "에브리밀";
				INFOPLIST_KEY_UIApplicationSceneManifest_Generation = YES;
				INFOPLIST_KEY_UIApplicationSupportsIndirectInputEvents = YES;
				INFOPLIST_KEY_UILaunchScreen_Generation = YES;
				INFOPLIST_KEY_UISupportedInterfaceOrientations = UIInterfaceOrientationPortrait;
				IPHONEOS_DEPLOYMENT_TARGET = 15.0;
				LD_RUNPATH_SEARCH_PATHS = (
					"$(inherited)",
					"@executable_path/Frameworks",
				);
				MARKETING_VERSION = 1.0.0;
				PRODUCT_BUNDLE_IDENTIFIER = "com.everyMeal.EveryMeal-iOS";
				PRODUCT_NAME = "$(TARGET_NAME)";
				SWIFT_EMIT_LOC_STRINGS = YES;
				SWIFT_VERSION = 5.0;
				TARGETED_DEVICE_FAMILY = "1,2";
			};
			name = Release;
		};
/* End XCBuildConfiguration section */

/* Begin XCConfigurationList section */
		0F78AFF02A6CCA6B006B8C80 /* Build configuration list for PBXProject "EveryMeal_iOS" */ = {
			isa = XCConfigurationList;
			buildConfigurations = (
				0F78B0012A6CCA6C006B8C80 /* Debug */,
				0F78B0022A6CCA6C006B8C80 /* Release */,
			);
			defaultConfigurationIsVisible = 0;
			defaultConfigurationName = Release;
		};
		0F78B0032A6CCA6C006B8C80 /* Build configuration list for PBXNativeTarget "EveryMeal_iOS" */ = {
			isa = XCConfigurationList;
			buildConfigurations = (
				0F78B0042A6CCA6C006B8C80 /* Debug */,
				0F78B0052A6CCA6C006B8C80 /* Release */,
			);
			defaultConfigurationIsVisible = 0;
			defaultConfigurationName = Release;
		};
/* End XCConfigurationList section */

/* Begin XCRemoteSwiftPackageReference section */
		0F78B00E2A6D39AD006B8C80 /* XCRemoteSwiftPackageReference "lottie-ios" */ = {
			isa = XCRemoteSwiftPackageReference;
			repositoryURL = "https://github.com/airbnb/lottie-ios.git";
			requirement = {
				kind = upToNextMajorVersion;
				minimumVersion = 4.0.0;
			};
		};
/* End XCRemoteSwiftPackageReference section */

/* Begin XCSwiftPackageProductDependency section */
		0F78B00F2A6D39AD006B8C80 /* Lottie */ = {
			isa = XCSwiftPackageProductDependency;
			package = 0F78B00E2A6D39AD006B8C80 /* XCRemoteSwiftPackageReference "lottie-ios" */;
			productName = Lottie;
		};
/* End XCSwiftPackageProductDependency section */
	};
	rootObject = 0F78AFED2A6CCA6B006B8C80 /* Project object */;
}
