// !$*UTF8*$!
{
	archiveVersion = 1;
	classes = {
	};
	objectVersion = 56;
	objects = {

/* Begin PBXBuildFile section */
		081196B62AE36B100022B41A /* UIApplication+Extensions.swift in Sources */ = {isa = PBXBuildFile; fileRef = 081196B52AE36B100022B41A /* UIApplication+Extensions.swift */; };
		0836A5732B44236C0098A41A /* AuthSuccessView.swift in Sources */ = {isa = PBXBuildFile; fileRef = 0836A5722B44236C0098A41A /* AuthSuccessView.swift */; };
		085C7EFE2B4A9EFE0020DC51 /* EmailAuthenticationReducer.swift in Sources */ = {isa = PBXBuildFile; fileRef = 085C7EFD2B4A9EFE0020DC51 /* EmailAuthenticationReducer.swift */; };
		085C7F002B4A9F450020DC51 /* EmailAuthenticationClient.swift in Sources */ = {isa = PBXBuildFile; fileRef = 085C7EFF2B4A9F450020DC51 /* EmailAuthenticationClient.swift */; };
		087A09382A81481100F4D34F /* HomeHeaderView.swift in Sources */ = {isa = PBXBuildFile; fileRef = 087A09372A81481100F4D34F /* HomeHeaderView.swift */; };
		087A093A2A81486400F4D34F /* HomeTopMenuView.swift in Sources */ = {isa = PBXBuildFile; fileRef = 087A09392A81486400F4D34F /* HomeTopMenuView.swift */; };
		087A093C2A8153BD00F4D34F /* HomeTopThreeMealsView.swift in Sources */ = {isa = PBXBuildFile; fileRef = 087A093B2A8153BD00F4D34F /* HomeTopThreeMealsView.swift */; };
		087A093E2A81545000F4D34F /* HomeReviewsView.swift in Sources */ = {isa = PBXBuildFile; fileRef = 087A093D2A81545000F4D34F /* HomeReviewsView.swift */; };
		087F9F522ADD63C6001DB3F2 /* ReviewDetailView.swift in Sources */ = {isa = PBXBuildFile; fileRef = 087F9F512ADD63C6001DB3F2 /* ReviewDetailView.swift */; };
		08900BFC2AF27D7E00392BAE /* EmailAuthenticationView.swift in Sources */ = {isa = PBXBuildFile; fileRef = 08900BFB2AF27D7E00392BAE /* EmailAuthenticationView.swift */; };
		08A877D22ACD97EE007AEDA1 /* EverymealAlertView.swift in Sources */ = {isa = PBXBuildFile; fileRef = 08A877D12ACD97ED007AEDA1 /* EverymealAlertView.swift */; };
		08C3B3962AE401720067FB53 /* CustomNavigationView.swift in Sources */ = {isa = PBXBuildFile; fileRef = 08C3B3952AE401720067FB53 /* CustomNavigationView.swift */; };
		08D6BA632AE7F6DA00C0B516 /* ReviewStarPointView.swift in Sources */ = {isa = PBXBuildFile; fileRef = 08D6BA5F2AE7F6DA00C0B516 /* ReviewStarPointView.swift */; };
		08D6BA642AE7F6DA00C0B516 /* WriteReviewStoreSearchView.swift in Sources */ = {isa = PBXBuildFile; fileRef = 08D6BA602AE7F6DA00C0B516 /* WriteReviewStoreSearchView.swift */; };
		08D6BA652AE7F6DA00C0B516 /* ReviewStoreSearchListView.swift in Sources */ = {isa = PBXBuildFile; fileRef = 08D6BA612AE7F6DA00C0B516 /* ReviewStoreSearchListView.swift */; };
		08D6BA662AE7F6DA00C0B516 /* ReviewStoreSearchListRecentCell.swift in Sources */ = {isa = PBXBuildFile; fileRef = 08D6BA622AE7F6DA00C0B516 /* ReviewStoreSearchListRecentCell.swift */; };
		08D6BA692AE7F97800C0B516 /* ReviewWriteImageTextView.swift in Sources */ = {isa = PBXBuildFile; fileRef = 08D6BA672AE7F97800C0B516 /* ReviewWriteImageTextView.swift */; };
		08D6BA6A2AE7F97800C0B516 /* ImagePicker.swift in Sources */ = {isa = PBXBuildFile; fileRef = 08D6BA682AE7F97800C0B516 /* ImagePicker.swift */; };
		08EC028C2B67BF9C003CD556 /* EmailSendResponse.swift in Sources */ = {isa = PBXBuildFile; fileRef = 08EC028A2B67BF9C003CD556 /* EmailSendResponse.swift */; };
		08EC028D2B67BF9C003CD556 /* EmailSendRequest.swift in Sources */ = {isa = PBXBuildFile; fileRef = 08EC028B2B67BF9C003CD556 /* EmailSendRequest.swift */; };
		08EC02932B67C126003CD556 /* URLConstants.swift in Sources */ = {isa = PBXBuildFile; fileRef = 08EC02922B67C126003CD556 /* URLConstants.swift */; };
		08EC02952B67C302003CD556 /* EmailVertifyService.swift in Sources */ = {isa = PBXBuildFile; fileRef = 08EC02942B67C302003CD556 /* EmailVertifyService.swift */; };
		08EC02972B67C30F003CD556 /* EmailVertifyAPI.swift in Sources */ = {isa = PBXBuildFile; fileRef = 08EC02962B67C30F003CD556 /* EmailVertifyAPI.swift */; };
		0F1424242ADD3F3E00A79AA2 /* MoreReviewsView.swift in Sources */ = {isa = PBXBuildFile; fileRef = 0F1424232ADD3F3E00A79AA2 /* MoreReviewsView.swift */; };
		0F19FBAE2AF2252900197815 /* Pretendard-Bold.otf in Resources */ = {isa = PBXBuildFile; fileRef = 0F19FBA52AF2252900197815 /* Pretendard-Bold.otf */; };
		0F19FBAF2AF2252900197815 /* Pretendard-Regular.otf in Resources */ = {isa = PBXBuildFile; fileRef = 0F19FBA62AF2252900197815 /* Pretendard-Regular.otf */; };
		0F19FBB02AF2252900197815 /* Pretendard-Medium.otf in Resources */ = {isa = PBXBuildFile; fileRef = 0F19FBA72AF2252900197815 /* Pretendard-Medium.otf */; };
		0F1AD46F2AE0046D003E29B0 /* View+Extensions.swift in Sources */ = {isa = PBXBuildFile; fileRef = 0F1AD46E2AE0046D003E29B0 /* View+Extensions.swift */; };
		0F3BBF2D2AF23244003EBAB7 /* Font+Extensions.swift in Sources */ = {isa = PBXBuildFile; fileRef = 0F3BBF2C2AF23244003EBAB7 /* Font+Extensions.swift */; };
		0F43F6812A6EA86B00239AA4 /* MapView.swift in Sources */ = {isa = PBXBuildFile; fileRef = 0F43F6802A6EA86B00239AA4 /* MapView.swift */; };
		0F43F6832A6EA8AC00239AA4 /* HomeView.swift in Sources */ = {isa = PBXBuildFile; fileRef = 0F43F6822A6EA8AC00239AA4 /* HomeView.swift */; };
		0F4C83572A7727BF0006A8EA /* ChooseUnivView.swift in Sources */ = {isa = PBXBuildFile; fileRef = 0F4C83562A7727BE0006A8EA /* ChooseUnivView.swift */; };
		0F58F6EB2AFA1E1600010A70 /* BaseLottieView.swift in Sources */ = {isa = PBXBuildFile; fileRef = 0F58F6EA2AFA1E1600010A70 /* BaseLottieView.swift */; };
		0F5B15742A7F8C9C00E698F4 /* Color+Extensions.swift in Sources */ = {isa = PBXBuildFile; fileRef = 0F5B15732A7F8C9C00E698F4 /* Color+Extensions.swift */; };
		0F660A912A84551C000074BD /* DeviceManager.swift in Sources */ = {isa = PBXBuildFile; fileRef = 0F660A902A84551C000074BD /* DeviceManager.swift */; };
		0F6685EF2B037C3300EA1281 /* MyPageView.swift in Sources */ = {isa = PBXBuildFile; fileRef = 0F6685EE2B037C3300EA1281 /* MyPageView.swift */; };
		0F69AFCA2B09E422008C98C6 /* SignOutView.swift in Sources */ = {isa = PBXBuildFile; fileRef = 0F69AFC92B09E422008C98C6 /* SignOutView.swift */; };
		0F78AFF92A6CCA6B006B8C80 /* EveryMeal_iOSApp.swift in Sources */ = {isa = PBXBuildFile; fileRef = 0F78AFF82A6CCA6B006B8C80 /* EveryMeal_iOSApp.swift */; };
		0F78AFFB2A6CCA6B006B8C80 /* SplashView.swift in Sources */ = {isa = PBXBuildFile; fileRef = 0F78AFFA2A6CCA6B006B8C80 /* SplashView.swift */; };
		0F78AFFD2A6CCA6C006B8C80 /* Assets.xcassets in Resources */ = {isa = PBXBuildFile; fileRef = 0F78AFFC2A6CCA6C006B8C80 /* Assets.xcassets */; };
		0F78B0002A6CCA6C006B8C80 /* Preview Assets.xcassets in Resources */ = {isa = PBXBuildFile; fileRef = 0F78AFFF2A6CCA6C006B8C80 /* Preview Assets.xcassets */; };
		0F78B00B2A6D3901006B8C80 /* everymeal_splash.json in Resources */ = {isa = PBXBuildFile; fileRef = 0F78B00A2A6D3901006B8C80 /* everymeal_splash.json */; };
		0F78B0102A6D39AD006B8C80 /* Lottie in Frameworks */ = {isa = PBXBuildFile; productRef = 0F78B00F2A6D39AD006B8C80 /* Lottie */; };
		0F78B0142A6D39DC006B8C80 /* MainTabBarView.swift in Sources */ = {isa = PBXBuildFile; fileRef = 0F78B0132A6D39DC006B8C80 /* MainTabBarView.swift */; };
		0F7CB2CB2AF9DFA800CBE762 /* OnBoardingView.swift in Sources */ = {isa = PBXBuildFile; fileRef = 0F7CB2CA2AF9DFA800CBE762 /* OnBoardingView.swift */; };
		0F80B4032ABAFABF00167AB6 /* MoreBestRestaurantView.swift in Sources */ = {isa = PBXBuildFile; fileRef = 0F80B4022ABAFABF00167AB6 /* MoreBestRestaurantView.swift */; };
		0F82DF292B0EC7240049EDB4 /* Pretendard-SemiBold.otf in Resources */ = {isa = PBXBuildFile; fileRef = 0F82DF282B0EC7240049EDB4 /* Pretendard-SemiBold.otf */; };
		0F8D3D052B200A440026FA5D /* CustomSheetView.swift in Sources */ = {isa = PBXBuildFile; fileRef = 0F8D3D042B200A440026FA5D /* CustomSheetView.swift */; };
		0F95A0932B0F1CF2000317D8 /* SignOutDetailView.swift in Sources */ = {isa = PBXBuildFile; fileRef = 0F95A0922B0F1CF2000317D8 /* SignOutDetailView.swift */; };
		0FE449552B57D34D0054DED3 /* CombineMoya in Frameworks */ = {isa = PBXBuildFile; productRef = 0FE449542B57D34D0054DED3 /* CombineMoya */; };
		0FE449572B57D34D0054DED3 /* Moya in Frameworks */ = {isa = PBXBuildFile; productRef = 0FE449562B57D34D0054DED3 /* Moya */; };
		0FE449592B57D34D0054DED3 /* ReactiveMoya in Frameworks */ = {isa = PBXBuildFile; productRef = 0FE449582B57D34D0054DED3 /* ReactiveMoya */; };
		0FE4495B2B57D34D0054DED3 /* RxMoya in Frameworks */ = {isa = PBXBuildFile; productRef = 0FE4495A2B57D34D0054DED3 /* RxMoya */; };
		0FE4495E2B57D3FE0054DED3 /* UnivsResponseModel.swift in Sources */ = {isa = PBXBuildFile; fileRef = 0FE4495D2B57D3FE0054DED3 /* UnivsResponseModel.swift */; };
		0FE449602B57D4320054DED3 /* UnivsEntity.swift in Sources */ = {isa = PBXBuildFile; fileRef = 0FE4495F2B57D4320054DED3 /* UnivsEntity.swift */; };
		0FE449652B57DC790054DED3 /* UserDefaultsManager.swift in Sources */ = {isa = PBXBuildFile; fileRef = 0FE449642B57DC790054DED3 /* UserDefaultsManager.swift */; };
		0FE4496E2B57DE3C0054DED3 /* UnivsAPI.swift in Sources */ = {isa = PBXBuildFile; fileRef = 0FE4496D2B57DE3C0054DED3 /* UnivsAPI.swift */; };
		0FE449702B57DE460054DED3 /* UnivsService.swift in Sources */ = {isa = PBXBuildFile; fileRef = 0FE4496F2B57DE460054DED3 /* UnivsService.swift */; };
		0FE449722B57DFBE0054DED3 /* Moya+Extensions.swift in Sources */ = {isa = PBXBuildFile; fileRef = 0FE449712B57DFBE0054DED3 /* Moya+Extensions.swift */; };
		0FF7C7192A91ECEF00BFC33D /* GradationView.swift in Sources */ = {isa = PBXBuildFile; fileRef = 0FF7C7182A91ECEF00BFC33D /* GradationView.swift */; };
		662C68FF2B3BECCE00B47C87 /* SelectProfileImagePopupView.swift in Sources */ = {isa = PBXBuildFile; fileRef = 662C68FE2B3BECCE00B47C87 /* SelectProfileImagePopupView.swift */; };
		662C69012B3C15FC00B47C87 /* CameraPicker.swift in Sources */ = {isa = PBXBuildFile; fileRef = 662C69002B3C15FC00B47C87 /* CameraPicker.swift */; };
		663260AD2AF1F819006FC22C /* MealHGridView.swift in Sources */ = {isa = PBXBuildFile; fileRef = 663260AC2AF1F819006FC22C /* MealHGridView.swift */; };
		663BFBA22A81EACC00A540A2 /* ViewModifier.swift in Sources */ = {isa = PBXBuildFile; fileRef = 663BFBA12A81EACC00A540A2 /* ViewModifier.swift */; };
		663BFBA42A81EB2800A540A2 /* Separator.swift in Sources */ = {isa = PBXBuildFile; fileRef = 663BFBA32A81EB2800A540A2 /* Separator.swift */; };
		664CC42C2AEA6274000EEBC5 /* MealHorizontalItemView.swift in Sources */ = {isa = PBXBuildFile; fileRef = 664CC42B2AEA6274000EEBC5 /* MealHorizontalItemView.swift */; };
		6674FC342B04BC9100CC4CA6 /* BaseWebView.swift in Sources */ = {isa = PBXBuildFile; fileRef = 6674FC332B04BC9100CC4CA6 /* BaseWebView.swift */; };
		6681C79C2AEA44D400C3D2C1 /* MoreStoreView.swift in Sources */ = {isa = PBXBuildFile; fileRef = 6681C79B2AEA44D400C3D2C1 /* MoreStoreView.swift */; };
		6681C79E2AEA49B900C3D2C1 /* MealVerticalItemView.swift in Sources */ = {isa = PBXBuildFile; fileRef = 6681C79D2AEA49B900C3D2C1 /* MealVerticalItemView.swift */; };
		6681C7A02AEA4ABD00C3D2C1 /* MealItemLikeButton.swift in Sources */ = {isa = PBXBuildFile; fileRef = 6681C79F2AEA4ABD00C3D2C1 /* MealItemLikeButton.swift */; };
		6681C7A42AEA4D5000C3D2C1 /* MealModel.swift in Sources */ = {isa = PBXBuildFile; fileRef = 6681C7A32AEA4D5000C3D2C1 /* MealModel.swift */; };
		6681C7A82AEA4E3400C3D2C1 /* MealEntity.swift in Sources */ = {isa = PBXBuildFile; fileRef = 6681C7A72AEA4E3400C3D2C1 /* MealEntity.swift */; };
		6681C7AA2AEA4FA700C3D2C1 /* EveryMealButton.swift in Sources */ = {isa = PBXBuildFile; fileRef = 6681C7A92AEA4FA700C3D2C1 /* EveryMealButton.swift */; };
		668FB86F2B45734C00F5F00F /* GlobalDefine.swift in Sources */ = {isa = PBXBuildFile; fileRef = 668FB86E2B45734C00F5F00F /* GlobalDefine.swift */; };
		66935D882AF1F22000E80424 /* CustomAlertModifier.swift in Sources */ = {isa = PBXBuildFile; fileRef = 66935D842AF1F22000E80424 /* CustomAlertModifier.swift */; };
		66935D892AF1F22000E80424 /* CustomAlertButton.swift in Sources */ = {isa = PBXBuildFile; fileRef = 66935D852AF1F22000E80424 /* CustomAlertButton.swift */; };
		66935D8A2AF1F22000E80424 /* CustomAlert.swift in Sources */ = {isa = PBXBuildFile; fileRef = 66935D862AF1F22000E80424 /* CustomAlert.swift */; };
		66935D8B2AF1F22000E80424 /* FilterBarView.swift in Sources */ = {isa = PBXBuildFile; fileRef = 66935D872AF1F22000E80424 /* FilterBarView.swift */; };
		66A3FFA22B47C52B002DC665 /* ComposableArchitecture in Frameworks */ = {isa = PBXBuildFile; productRef = 66A3FFA12B47C52B002DC665 /* ComposableArchitecture */; };
		66A3FFA42B47F5A0002DC665 /* SampleDTO.swift in Sources */ = {isa = PBXBuildFile; fileRef = 66A3FFA32B47F5A0002DC665 /* SampleDTO.swift */; };
		66A3FFA62B47F878002DC665 /* MapReducer.swift in Sources */ = {isa = PBXBuildFile; fileRef = 66A3FFA52B47F878002DC665 /* MapReducer.swift */; };
		66A3FFA82B47FB15002DC665 /* MapClient.swift in Sources */ = {isa = PBXBuildFile; fileRef = 66A3FFA72B47FB15002DC665 /* MapClient.swift */; };
		66A3FFAA2B480462002DC665 /* EverMealErrorType.swift in Sources */ = {isa = PBXBuildFile; fileRef = 66A3FFA92B480462002DC665 /* EverMealErrorType.swift */; };
		66BEA02B2B0C7C5900F3125B /* EmailAuthPopupView.swift in Sources */ = {isa = PBXBuildFile; fileRef = 66BEA02A2B0C7C5900F3125B /* EmailAuthPopupView.swift */; };
		66BEA02D2B0C8BFD00F3125B /* EveryMealToast.swift in Sources */ = {isa = PBXBuildFile; fileRef = 66BEA02C2B0C8BFD00F3125B /* EveryMealToast.swift */; };
		66BEA0302B0C9E0000F3125B /* AlertToast in Frameworks */ = {isa = PBXBuildFile; productRef = 66BEA02F2B0C9E0000F3125B /* AlertToast */; };
		66FF637F2AD7CE3D00A10986 /* Constants.swift in Sources */ = {isa = PBXBuildFile; fileRef = 66FF637E2AD7CE3D00A10986 /* Constants.swift */; };
		66FF63812AD7DEB800A10986 /* Functions.swift in Sources */ = {isa = PBXBuildFile; fileRef = 66FF63802AD7DEB800A10986 /* Functions.swift */; };
/* End PBXBuildFile section */

/* Begin PBXFileReference section */
		081196B52AE36B100022B41A /* UIApplication+Extensions.swift */ = {isa = PBXFileReference; lastKnownFileType = sourcecode.swift; path = "UIApplication+Extensions.swift"; sourceTree = "<group>"; };
		0836A5722B44236C0098A41A /* AuthSuccessView.swift */ = {isa = PBXFileReference; lastKnownFileType = sourcecode.swift; path = AuthSuccessView.swift; sourceTree = "<group>"; };
		085C7EFD2B4A9EFE0020DC51 /* EmailAuthenticationReducer.swift */ = {isa = PBXFileReference; lastKnownFileType = sourcecode.swift; path = EmailAuthenticationReducer.swift; sourceTree = "<group>"; };
		085C7EFF2B4A9F450020DC51 /* EmailAuthenticationClient.swift */ = {isa = PBXFileReference; lastKnownFileType = sourcecode.swift; path = EmailAuthenticationClient.swift; sourceTree = "<group>"; };
		085C7F072B4AA2BA0020DC51 /* URLConstant.swift */ = {isa = PBXFileReference; lastKnownFileType = sourcecode.swift; path = URLConstant.swift; sourceTree = "<group>"; };
		087A09372A81481100F4D34F /* HomeHeaderView.swift */ = {isa = PBXFileReference; lastKnownFileType = sourcecode.swift; path = HomeHeaderView.swift; sourceTree = "<group>"; };
		087A09392A81486400F4D34F /* HomeTopMenuView.swift */ = {isa = PBXFileReference; lastKnownFileType = sourcecode.swift; path = HomeTopMenuView.swift; sourceTree = "<group>"; };
		087A093B2A8153BD00F4D34F /* HomeTopThreeMealsView.swift */ = {isa = PBXFileReference; lastKnownFileType = sourcecode.swift; path = HomeTopThreeMealsView.swift; sourceTree = "<group>"; };
		087A093D2A81545000F4D34F /* HomeReviewsView.swift */ = {isa = PBXFileReference; lastKnownFileType = sourcecode.swift; path = HomeReviewsView.swift; sourceTree = "<group>"; };
		087F9F512ADD63C6001DB3F2 /* ReviewDetailView.swift */ = {isa = PBXFileReference; lastKnownFileType = sourcecode.swift; path = ReviewDetailView.swift; sourceTree = "<group>"; };
		08900BFB2AF27D7E00392BAE /* EmailAuthenticationView.swift */ = {isa = PBXFileReference; lastKnownFileType = sourcecode.swift; path = EmailAuthenticationView.swift; sourceTree = "<group>"; };
		08A877D12ACD97ED007AEDA1 /* EverymealAlertView.swift */ = {isa = PBXFileReference; lastKnownFileType = sourcecode.swift; path = EverymealAlertView.swift; sourceTree = "<group>"; };
		08C3B3952AE401720067FB53 /* CustomNavigationView.swift */ = {isa = PBXFileReference; lastKnownFileType = sourcecode.swift; path = CustomNavigationView.swift; sourceTree = "<group>"; };
		08D6BA5F2AE7F6DA00C0B516 /* ReviewStarPointView.swift */ = {isa = PBXFileReference; fileEncoding = 4; lastKnownFileType = sourcecode.swift; path = ReviewStarPointView.swift; sourceTree = "<group>"; };
		08D6BA602AE7F6DA00C0B516 /* WriteReviewStoreSearchView.swift */ = {isa = PBXFileReference; fileEncoding = 4; lastKnownFileType = sourcecode.swift; path = WriteReviewStoreSearchView.swift; sourceTree = "<group>"; };
		08D6BA612AE7F6DA00C0B516 /* ReviewStoreSearchListView.swift */ = {isa = PBXFileReference; fileEncoding = 4; lastKnownFileType = sourcecode.swift; path = ReviewStoreSearchListView.swift; sourceTree = "<group>"; };
		08D6BA622AE7F6DA00C0B516 /* ReviewStoreSearchListRecentCell.swift */ = {isa = PBXFileReference; fileEncoding = 4; lastKnownFileType = sourcecode.swift; path = ReviewStoreSearchListRecentCell.swift; sourceTree = "<group>"; };
		08D6BA672AE7F97800C0B516 /* ReviewWriteImageTextView.swift */ = {isa = PBXFileReference; fileEncoding = 4; lastKnownFileType = sourcecode.swift; path = ReviewWriteImageTextView.swift; sourceTree = "<group>"; };
		08D6BA682AE7F97800C0B516 /* ImagePicker.swift */ = {isa = PBXFileReference; fileEncoding = 4; lastKnownFileType = sourcecode.swift; path = ImagePicker.swift; sourceTree = "<group>"; };
		08EC028A2B67BF9C003CD556 /* EmailSendResponse.swift */ = {isa = PBXFileReference; fileEncoding = 4; lastKnownFileType = sourcecode.swift; path = EmailSendResponse.swift; sourceTree = "<group>"; };
		08EC028B2B67BF9C003CD556 /* EmailSendRequest.swift */ = {isa = PBXFileReference; fileEncoding = 4; lastKnownFileType = sourcecode.swift; path = EmailSendRequest.swift; sourceTree = "<group>"; };
		08EC02922B67C126003CD556 /* URLConstants.swift */ = {isa = PBXFileReference; lastKnownFileType = sourcecode.swift; path = URLConstants.swift; sourceTree = "<group>"; };
		08EC02942B67C302003CD556 /* EmailVertifyService.swift */ = {isa = PBXFileReference; lastKnownFileType = sourcecode.swift; path = EmailVertifyService.swift; sourceTree = "<group>"; };
		08EC02962B67C30F003CD556 /* EmailVertifyAPI.swift */ = {isa = PBXFileReference; lastKnownFileType = sourcecode.swift; path = EmailVertifyAPI.swift; sourceTree = "<group>"; };
		0F1424232ADD3F3E00A79AA2 /* MoreReviewsView.swift */ = {isa = PBXFileReference; lastKnownFileType = sourcecode.swift; path = MoreReviewsView.swift; sourceTree = "<group>"; };
		0F19FB9D2AF21E7E00197815 /* OSLog.framework */ = {isa = PBXFileReference; lastKnownFileType = wrapper.framework; name = OSLog.framework; path = System/Library/Frameworks/OSLog.framework; sourceTree = SDKROOT; };
		0F19FBA52AF2252900197815 /* Pretendard-Bold.otf */ = {isa = PBXFileReference; lastKnownFileType = file; path = "Pretendard-Bold.otf"; sourceTree = "<group>"; };
		0F19FBA62AF2252900197815 /* Pretendard-Regular.otf */ = {isa = PBXFileReference; lastKnownFileType = file; path = "Pretendard-Regular.otf"; sourceTree = "<group>"; };
		0F19FBA72AF2252900197815 /* Pretendard-Medium.otf */ = {isa = PBXFileReference; lastKnownFileType = file; path = "Pretendard-Medium.otf"; sourceTree = "<group>"; };
		0F1AD46E2AE0046D003E29B0 /* View+Extensions.swift */ = {isa = PBXFileReference; lastKnownFileType = sourcecode.swift; path = "View+Extensions.swift"; sourceTree = "<group>"; };
		0F3BBF2C2AF23244003EBAB7 /* Font+Extensions.swift */ = {isa = PBXFileReference; lastKnownFileType = sourcecode.swift; path = "Font+Extensions.swift"; sourceTree = "<group>"; };
		0F43F6802A6EA86B00239AA4 /* MapView.swift */ = {isa = PBXFileReference; lastKnownFileType = sourcecode.swift; path = MapView.swift; sourceTree = "<group>"; };
		0F43F6822A6EA8AC00239AA4 /* HomeView.swift */ = {isa = PBXFileReference; lastKnownFileType = sourcecode.swift; path = HomeView.swift; sourceTree = "<group>"; };
		0F4C83562A7727BE0006A8EA /* ChooseUnivView.swift */ = {isa = PBXFileReference; lastKnownFileType = sourcecode.swift; path = ChooseUnivView.swift; sourceTree = "<group>"; };
		0F58F6EA2AFA1E1600010A70 /* BaseLottieView.swift */ = {isa = PBXFileReference; lastKnownFileType = sourcecode.swift; path = BaseLottieView.swift; sourceTree = "<group>"; };
		0F5B15732A7F8C9C00E698F4 /* Color+Extensions.swift */ = {isa = PBXFileReference; lastKnownFileType = sourcecode.swift; path = "Color+Extensions.swift"; sourceTree = "<group>"; };
		0F660A902A84551C000074BD /* DeviceManager.swift */ = {isa = PBXFileReference; lastKnownFileType = sourcecode.swift; path = DeviceManager.swift; sourceTree = "<group>"; };
		0F6685EE2B037C3300EA1281 /* MyPageView.swift */ = {isa = PBXFileReference; lastKnownFileType = sourcecode.swift; path = MyPageView.swift; sourceTree = "<group>"; };
		0F69AFC92B09E422008C98C6 /* SignOutView.swift */ = {isa = PBXFileReference; lastKnownFileType = sourcecode.swift; path = SignOutView.swift; sourceTree = "<group>"; };
		0F78AFF52A6CCA6B006B8C80 /* EveryMeal_iOS.app */ = {isa = PBXFileReference; explicitFileType = wrapper.application; includeInIndex = 0; path = EveryMeal_iOS.app; sourceTree = BUILT_PRODUCTS_DIR; };
		0F78AFF82A6CCA6B006B8C80 /* EveryMeal_iOSApp.swift */ = {isa = PBXFileReference; lastKnownFileType = sourcecode.swift; path = EveryMeal_iOSApp.swift; sourceTree = "<group>"; };
		0F78AFFA2A6CCA6B006B8C80 /* SplashView.swift */ = {isa = PBXFileReference; lastKnownFileType = sourcecode.swift; path = SplashView.swift; sourceTree = "<group>"; };
		0F78AFFC2A6CCA6C006B8C80 /* Assets.xcassets */ = {isa = PBXFileReference; lastKnownFileType = folder.assetcatalog; path = Assets.xcassets; sourceTree = "<group>"; };
		0F78AFFF2A6CCA6C006B8C80 /* Preview Assets.xcassets */ = {isa = PBXFileReference; lastKnownFileType = folder.assetcatalog; path = "Preview Assets.xcassets"; sourceTree = "<group>"; };
		0F78B0062A6D1D8F006B8C80 /* info.plist */ = {isa = PBXFileReference; lastKnownFileType = text.plist.xml; path = info.plist; sourceTree = SOURCE_ROOT; };
		0F78B00A2A6D3901006B8C80 /* everymeal_splash.json */ = {isa = PBXFileReference; fileEncoding = 4; lastKnownFileType = text.json; path = everymeal_splash.json; sourceTree = "<group>"; };
		0F78B0132A6D39DC006B8C80 /* MainTabBarView.swift */ = {isa = PBXFileReference; lastKnownFileType = sourcecode.swift; path = MainTabBarView.swift; sourceTree = "<group>"; };
		0F7CB2CA2AF9DFA800CBE762 /* OnBoardingView.swift */ = {isa = PBXFileReference; lastKnownFileType = sourcecode.swift; path = OnBoardingView.swift; sourceTree = "<group>"; };
		0F80B4022ABAFABF00167AB6 /* MoreBestRestaurantView.swift */ = {isa = PBXFileReference; lastKnownFileType = sourcecode.swift; path = MoreBestRestaurantView.swift; sourceTree = "<group>"; };
		0F82DF282B0EC7240049EDB4 /* Pretendard-SemiBold.otf */ = {isa = PBXFileReference; lastKnownFileType = file; path = "Pretendard-SemiBold.otf"; sourceTree = "<group>"; };
		0F8D3D042B200A440026FA5D /* CustomSheetView.swift */ = {isa = PBXFileReference; lastKnownFileType = sourcecode.swift; path = CustomSheetView.swift; sourceTree = "<group>"; };
		0F95A0922B0F1CF2000317D8 /* SignOutDetailView.swift */ = {isa = PBXFileReference; lastKnownFileType = sourcecode.swift; path = SignOutDetailView.swift; sourceTree = "<group>"; };
		0FE4495D2B57D3FE0054DED3 /* UnivsResponseModel.swift */ = {isa = PBXFileReference; lastKnownFileType = sourcecode.swift; path = UnivsResponseModel.swift; sourceTree = "<group>"; };
		0FE4495F2B57D4320054DED3 /* UnivsEntity.swift */ = {isa = PBXFileReference; lastKnownFileType = sourcecode.swift; path = UnivsEntity.swift; sourceTree = "<group>"; };
		0FE449642B57DC790054DED3 /* UserDefaultsManager.swift */ = {isa = PBXFileReference; lastKnownFileType = sourcecode.swift; path = UserDefaultsManager.swift; sourceTree = "<group>"; };
		0FE4496D2B57DE3C0054DED3 /* UnivsAPI.swift */ = {isa = PBXFileReference; lastKnownFileType = sourcecode.swift; path = UnivsAPI.swift; sourceTree = "<group>"; };
		0FE4496F2B57DE460054DED3 /* UnivsService.swift */ = {isa = PBXFileReference; lastKnownFileType = sourcecode.swift; path = UnivsService.swift; sourceTree = "<group>"; };
		0FE449712B57DFBE0054DED3 /* Moya+Extensions.swift */ = {isa = PBXFileReference; lastKnownFileType = sourcecode.swift; path = "Moya+Extensions.swift"; sourceTree = "<group>"; };
		0FF7C7182A91ECEF00BFC33D /* GradationView.swift */ = {isa = PBXFileReference; lastKnownFileType = sourcecode.swift; path = GradationView.swift; sourceTree = "<group>"; };
		662C68FE2B3BECCE00B47C87 /* SelectProfileImagePopupView.swift */ = {isa = PBXFileReference; lastKnownFileType = sourcecode.swift; path = SelectProfileImagePopupView.swift; sourceTree = "<group>"; };
		662C69002B3C15FC00B47C87 /* CameraPicker.swift */ = {isa = PBXFileReference; lastKnownFileType = sourcecode.swift; path = CameraPicker.swift; sourceTree = "<group>"; };
		663260AC2AF1F819006FC22C /* MealHGridView.swift */ = {isa = PBXFileReference; lastKnownFileType = sourcecode.swift; path = MealHGridView.swift; sourceTree = "<group>"; };
		663BFBA12A81EACC00A540A2 /* ViewModifier.swift */ = {isa = PBXFileReference; lastKnownFileType = sourcecode.swift; path = ViewModifier.swift; sourceTree = "<group>"; };
		663BFBA32A81EB2800A540A2 /* Separator.swift */ = {isa = PBXFileReference; lastKnownFileType = sourcecode.swift; path = Separator.swift; sourceTree = "<group>"; };
		664CC42B2AEA6274000EEBC5 /* MealHorizontalItemView.swift */ = {isa = PBXFileReference; lastKnownFileType = sourcecode.swift; path = MealHorizontalItemView.swift; sourceTree = "<group>"; };
		6674FC332B04BC9100CC4CA6 /* BaseWebView.swift */ = {isa = PBXFileReference; lastKnownFileType = sourcecode.swift; path = BaseWebView.swift; sourceTree = "<group>"; };
		6681C79B2AEA44D400C3D2C1 /* MoreStoreView.swift */ = {isa = PBXFileReference; lastKnownFileType = sourcecode.swift; path = MoreStoreView.swift; sourceTree = "<group>"; };
		6681C79D2AEA49B900C3D2C1 /* MealVerticalItemView.swift */ = {isa = PBXFileReference; lastKnownFileType = sourcecode.swift; path = MealVerticalItemView.swift; sourceTree = "<group>"; };
		6681C79F2AEA4ABD00C3D2C1 /* MealItemLikeButton.swift */ = {isa = PBXFileReference; lastKnownFileType = sourcecode.swift; path = MealItemLikeButton.swift; sourceTree = "<group>"; };
		6681C7A32AEA4D5000C3D2C1 /* MealModel.swift */ = {isa = PBXFileReference; lastKnownFileType = sourcecode.swift; path = MealModel.swift; sourceTree = "<group>"; };
		6681C7A72AEA4E3400C3D2C1 /* MealEntity.swift */ = {isa = PBXFileReference; lastKnownFileType = sourcecode.swift; path = MealEntity.swift; sourceTree = "<group>"; };
		6681C7A92AEA4FA700C3D2C1 /* EveryMealButton.swift */ = {isa = PBXFileReference; lastKnownFileType = sourcecode.swift; path = EveryMealButton.swift; sourceTree = "<group>"; };
		668FB86E2B45734C00F5F00F /* GlobalDefine.swift */ = {isa = PBXFileReference; lastKnownFileType = sourcecode.swift; path = GlobalDefine.swift; sourceTree = "<group>"; };
		66935D842AF1F22000E80424 /* CustomAlertModifier.swift */ = {isa = PBXFileReference; fileEncoding = 4; lastKnownFileType = sourcecode.swift; path = CustomAlertModifier.swift; sourceTree = "<group>"; };
		66935D852AF1F22000E80424 /* CustomAlertButton.swift */ = {isa = PBXFileReference; fileEncoding = 4; lastKnownFileType = sourcecode.swift; path = CustomAlertButton.swift; sourceTree = "<group>"; };
		66935D862AF1F22000E80424 /* CustomAlert.swift */ = {isa = PBXFileReference; fileEncoding = 4; lastKnownFileType = sourcecode.swift; path = CustomAlert.swift; sourceTree = "<group>"; };
		66935D872AF1F22000E80424 /* FilterBarView.swift */ = {isa = PBXFileReference; fileEncoding = 4; lastKnownFileType = sourcecode.swift; path = FilterBarView.swift; sourceTree = "<group>"; };
		66A3FFA32B47F5A0002DC665 /* SampleDTO.swift */ = {isa = PBXFileReference; lastKnownFileType = sourcecode.swift; path = SampleDTO.swift; sourceTree = "<group>"; };
		66A3FFA52B47F878002DC665 /* MapReducer.swift */ = {isa = PBXFileReference; lastKnownFileType = sourcecode.swift; path = MapReducer.swift; sourceTree = "<group>"; };
		66A3FFA72B47FB15002DC665 /* MapClient.swift */ = {isa = PBXFileReference; lastKnownFileType = sourcecode.swift; path = MapClient.swift; sourceTree = "<group>"; };
		66A3FFA92B480462002DC665 /* EverMealErrorType.swift */ = {isa = PBXFileReference; lastKnownFileType = sourcecode.swift; path = EverMealErrorType.swift; sourceTree = "<group>"; };
		66BEA02A2B0C7C5900F3125B /* EmailAuthPopupView.swift */ = {isa = PBXFileReference; lastKnownFileType = sourcecode.swift; path = EmailAuthPopupView.swift; sourceTree = "<group>"; };
		66BEA02C2B0C8BFD00F3125B /* EveryMealToast.swift */ = {isa = PBXFileReference; lastKnownFileType = sourcecode.swift; path = EveryMealToast.swift; sourceTree = "<group>"; };
		66FF637E2AD7CE3D00A10986 /* Constants.swift */ = {isa = PBXFileReference; lastKnownFileType = sourcecode.swift; path = Constants.swift; sourceTree = "<group>"; };
		66FF63802AD7DEB800A10986 /* Functions.swift */ = {isa = PBXFileReference; lastKnownFileType = sourcecode.swift; path = Functions.swift; sourceTree = "<group>"; };
/* End PBXFileReference section */

/* Begin PBXFrameworksBuildPhase section */
		0F78AFF22A6CCA6B006B8C80 /* Frameworks */ = {
			isa = PBXFrameworksBuildPhase;
			buildActionMask = 2147483647;
			files = (
				0F78B0102A6D39AD006B8C80 /* Lottie in Frameworks */,
				66BEA0302B0C9E0000F3125B /* AlertToast in Frameworks */,
				0FE449552B57D34D0054DED3 /* CombineMoya in Frameworks */,
				0FE449572B57D34D0054DED3 /* Moya in Frameworks */,
				0FE4495B2B57D34D0054DED3 /* RxMoya in Frameworks */,
				66A3FFA22B47C52B002DC665 /* ComposableArchitecture in Frameworks */,
				0FE449592B57D34D0054DED3 /* ReactiveMoya in Frameworks */,
			);
			runOnlyForDeploymentPostprocessing = 0;
		};
/* End PBXFrameworksBuildPhase section */

/* Begin PBXGroup section */
		085C7EFC2B4A9EE10020DC51 /* EmailAuth */ = {
			isa = PBXGroup;
			children = (
				08900BFB2AF27D7E00392BAE /* EmailAuthenticationView.swift */,
				085C7EFD2B4A9EFE0020DC51 /* EmailAuthenticationReducer.swift */,
				085C7EFF2B4A9F450020DC51 /* EmailAuthenticationClient.swift */,
			);
			path = EmailAuth;
			sourceTree = "<group>";
		};
		087F9F532ADD63D1001DB3F2 /* Views */ = {
			isa = PBXGroup;
			children = (
				08D6BA672AE7F97800C0B516 /* ReviewWriteImageTextView.swift */,
				08D6BA5F2AE7F6DA00C0B516 /* ReviewStarPointView.swift */,
				0F1424232ADD3F3E00A79AA2 /* MoreReviewsView.swift */,
				08D6BA622AE7F6DA00C0B516 /* ReviewStoreSearchListRecentCell.swift */,
				08D6BA612AE7F6DA00C0B516 /* ReviewStoreSearchListView.swift */,
				08D6BA602AE7F6DA00C0B516 /* WriteReviewStoreSearchView.swift */,
				087F9F512ADD63C6001DB3F2 /* ReviewDetailView.swift */,
			);
			path = Views;
			sourceTree = "<group>";
		};
		087F9F542ADD63D8001DB3F2 /* Components */ = {
			isa = PBXGroup;
			children = (
				08D6BA682AE7F97800C0B516 /* ImagePicker.swift */,
				662C69002B3C15FC00B47C87 /* CameraPicker.swift */,
				08C3B3952AE401720067FB53 /* CustomNavigationView.swift */,
				6681C79F2AEA4ABD00C3D2C1 /* MealItemLikeButton.swift */,
				6681C7A92AEA4FA700C3D2C1 /* EveryMealButton.swift */,
				6681C79D2AEA49B900C3D2C1 /* MealVerticalItemView.swift */,
				664CC42B2AEA6274000EEBC5 /* MealHorizontalItemView.swift */,
				663260AC2AF1F819006FC22C /* MealHGridView.swift */,
			);
			path = Components;
			sourceTree = "<group>";
		};
		08900BFA2AF27D5800392BAE /* Authentication */ = {
			isa = PBXGroup;
			children = (
				085C7EFC2B4A9EE10020DC51 /* EmailAuth */,
				66BEA02A2B0C7C5900F3125B /* EmailAuthPopupView.swift */,
				662C68FE2B3BECCE00B47C87 /* SelectProfileImagePopupView.swift */,
				0836A5722B44236C0098A41A /* AuthSuccessView.swift */,
			);
			path = Authentication;
			sourceTree = "<group>";
		};
		08EC02882B67BEFA003CD556 /* Recovered References */ = {
			isa = PBXGroup;
			children = (
				085C7F072B4AA2BA0020DC51 /* URLConstant.swift */,
			);
			name = "Recovered References";
			sourceTree = "<group>";
		};
		08EC02892B67BF9C003CD556 /* UserDTO */ = {
			isa = PBXGroup;
			children = (
				08EC028A2B67BF9C003CD556 /* EmailSendResponse.swift */,
				08EC028B2B67BF9C003CD556 /* EmailSendRequest.swift */,
			);
			path = UserDTO;
			sourceTree = "<group>";
		};
		08EC02912B67C115003CD556 /* NetworkConfig */ = {
			isa = PBXGroup;
			children = (
				08EC02922B67C126003CD556 /* URLConstants.swift */,
			);
			path = NetworkConfig;
			sourceTree = "<group>";
		};
		0F19FB862AF21A5F00197815 /* Fonts */ = {
			isa = PBXGroup;
			children = (
				0F19FB872AF21A6500197815 /* Pretendard */,
			);
			path = Fonts;
			sourceTree = "<group>";
		};
		0F19FB872AF21A6500197815 /* Pretendard */ = {
			isa = PBXGroup;
			children = (
				0F19FBA52AF2252900197815 /* Pretendard-Bold.otf */,
				0F19FBA72AF2252900197815 /* Pretendard-Medium.otf */,
				0F19FBA62AF2252900197815 /* Pretendard-Regular.otf */,
				0F82DF282B0EC7240049EDB4 /* Pretendard-SemiBold.otf */,
			);
			path = Pretendard;
			sourceTree = "<group>";
		};
		0F19FB9C2AF21E7E00197815 /* Frameworks */ = {
			isa = PBXGroup;
			children = (
				0F19FB9D2AF21E7E00197815 /* OSLog.framework */,
			);
			name = Frameworks;
			sourceTree = "<group>";
		};
		0F43F67E2A6EA82C00239AA4 /* Home */ = {
			isa = PBXGroup;
			children = (
				0F43F6822A6EA8AC00239AA4 /* HomeView.swift */,
				087A09372A81481100F4D34F /* HomeHeaderView.swift */,
				087A09392A81486400F4D34F /* HomeTopMenuView.swift */,
				087A093B2A8153BD00F4D34F /* HomeTopThreeMealsView.swift */,
				087A093D2A81545000F4D34F /* HomeReviewsView.swift */,
			);
			path = Home;
			sourceTree = "<group>";
		};
		0F43F67F2A6EA83400239AA4 /* Map */ = {
			isa = PBXGroup;
			children = (
				0F43F6802A6EA86B00239AA4 /* MapView.swift */,
				66A3FFA52B47F878002DC665 /* MapReducer.swift */,
				66A3FFA72B47FB15002DC665 /* MapClient.swift */,
			);
			path = Map;
			sourceTree = "<group>";
		};
		0F4C83552A7727A00006A8EA /* Univ */ = {
			isa = PBXGroup;
			children = (
				0F7CB2CA2AF9DFA800CBE762 /* OnBoardingView.swift */,
				0F4C83562A7727BE0006A8EA /* ChooseUnivView.swift */,
			);
			path = Univ;
			sourceTree = "<group>";
		};
		0F5B15722A7F8C8500E698F4 /* Utils */ = {
			isa = PBXGroup;
			children = (
				0FE449672B57DD7B0054DED3 /* Common */,
				0F660A8F2A845505000074BD /* Managers */,
				0F660A8E2A8454FC000074BD /* Extensions */,
			);
			path = Utils;
			sourceTree = "<group>";
		};
		0F660A8E2A8454FC000074BD /* Extensions */ = {
			isa = PBXGroup;
			children = (
				0F5B15732A7F8C9C00E698F4 /* Color+Extensions.swift */,
				0F1AD46E2AE0046D003E29B0 /* View+Extensions.swift */,
				081196B52AE36B100022B41A /* UIApplication+Extensions.swift */,
				0F3BBF2C2AF23244003EBAB7 /* Font+Extensions.swift */,
				0FE449712B57DFBE0054DED3 /* Moya+Extensions.swift */,
			);
			path = Extensions;
			sourceTree = "<group>";
		};
		0F660A8F2A845505000074BD /* Managers */ = {
			isa = PBXGroup;
			children = (
				0F660A902A84551C000074BD /* DeviceManager.swift */,
			);
			path = Managers;
			sourceTree = "<group>";
		};
		0F6685ED2B037BD100EA1281 /* MyPage */ = {
			isa = PBXGroup;
			children = (
				0F6685EE2B037C3300EA1281 /* MyPageView.swift */,
				0F69AFC92B09E422008C98C6 /* SignOutView.swift */,
				0F95A0922B0F1CF2000317D8 /* SignOutDetailView.swift */,
			);
			path = MyPage;
			sourceTree = "<group>";
		};
		0F78AFEC2A6CCA6B006B8C80 = {
			isa = PBXGroup;
			children = (
				0F78AFF72A6CCA6B006B8C80 /* EveryMeal_iOS */,
				0F78AFF62A6CCA6B006B8C80 /* Products */,
				0F19FB9C2AF21E7E00197815 /* Frameworks */,
				08EC02882B67BEFA003CD556 /* Recovered References */,
			);
			sourceTree = "<group>";
		};
		0F78AFF62A6CCA6B006B8C80 /* Products */ = {
			isa = PBXGroup;
			children = (
				0F78AFF52A6CCA6B006B8C80 /* EveryMeal_iOS.app */,
			);
			name = Products;
			sourceTree = "<group>";
		};
		0F78AFF72A6CCA6B006B8C80 /* EveryMeal_iOS */ = {
			isa = PBXGroup;
			children = (
				0F78AFF82A6CCA6B006B8C80 /* EveryMeal_iOSApp.swift */,
				0F78B0062A6D1D8F006B8C80 /* info.plist */,
				0F78B0072A6D38A2006B8C80 /* Resources */,
				0F78B0082A6D38AB006B8C80 /* Sources */,
				0F78AFFE2A6CCA6C006B8C80 /* Preview Content */,
			);
			path = EveryMeal_iOS;
			sourceTree = "<group>";
		};
		0F78AFFE2A6CCA6C006B8C80 /* Preview Content */ = {
			isa = PBXGroup;
			children = (
				0F78AFFF2A6CCA6C006B8C80 /* Preview Assets.xcassets */,
			);
			path = "Preview Content";
			sourceTree = "<group>";
		};
		0F78B0072A6D38A2006B8C80 /* Resources */ = {
			isa = PBXGroup;
			children = (
				0F19FB862AF21A5F00197815 /* Fonts */,
				0F78AFFC2A6CCA6C006B8C80 /* Assets.xcassets */,
				0F78B0092A6D38E4006B8C80 /* Lotties */,
			);
			path = Resources;
			sourceTree = "<group>";
		};
		0F78B0082A6D38AB006B8C80 /* Sources */ = {
			isa = PBXGroup;
			children = (
				0FE449682B57DDF20054DED3 /* Platform */,
				6681C7A22AEA4D3F00C3D2C1 /* Data */,
				6681C7A12AEA4B7100C3D2C1 /* Domain */,
				0F5B15722A7F8C8500E698F4 /* Utils */,
				0F78B00C2A6D393E006B8C80 /* Presentation */,
			);
			path = Sources;
			sourceTree = "<group>";
		};
		0F78B0092A6D38E4006B8C80 /* Lotties */ = {
			isa = PBXGroup;
			children = (
				0F78B00A2A6D3901006B8C80 /* everymeal_splash.json */,
			);
			path = Lotties;
			sourceTree = "<group>";
		};
		0F78B00C2A6D393E006B8C80 /* Presentation */ = {
			isa = PBXGroup;
			children = (
				663BFBA02A81EAA900A540A2 /* Components */,
				0F78B00D2A6D3942006B8C80 /* Scenes */,
			);
			path = Presentation;
			sourceTree = "<group>";
		};
		0F78B00D2A6D3942006B8C80 /* Scenes */ = {
			isa = PBXGroup;
			children = (
				08900BFA2AF27D5800392BAE /* Authentication */,
				6681C79A2AEA44AB00C3D2C1 /* MoreStoresView */,
				669734652A9F3361009DEF06 /* Review */,
				0F78B0112A6D39BC006B8C80 /* Splash */,
				0F4C83552A7727A00006A8EA /* Univ */,
				0F78B0122A6D39C6006B8C80 /* MainTab */,
				0F43F67E2A6EA82C00239AA4 /* Home */,
				0F43F67F2A6EA83400239AA4 /* Map */,
				0F80B4012ABAFAA000167AB6 /* Stores */,
				0F6685ED2B037BD100EA1281 /* MyPage */,
			);
			path = Scenes;
			sourceTree = "<group>";
		};
		0F78B0112A6D39BC006B8C80 /* Splash */ = {
			isa = PBXGroup;
			children = (
				0F78AFFA2A6CCA6B006B8C80 /* SplashView.swift */,
			);
			path = Splash;
			sourceTree = "<group>";
		};
		0F78B0122A6D39C6006B8C80 /* MainTab */ = {
			isa = PBXGroup;
			children = (
				0F78B0132A6D39DC006B8C80 /* MainTabBarView.swift */,
			);
			path = MainTab;
			sourceTree = "<group>";
		};
		0F80B4012ABAFAA000167AB6 /* Stores */ = {
			isa = PBXGroup;
			children = (
				0F80B4022ABAFABF00167AB6 /* MoreBestRestaurantView.swift */,
			);
			path = Stores;
			sourceTree = "<group>";
		};
		0F98DB782AF8796E00F1ED14 /* BottomSheet */ = {
			isa = PBXGroup;
			children = (
				0F8D3D042B200A440026FA5D /* CustomSheetView.swift */,
			);
			path = BottomSheet;
			sourceTree = "<group>";
		};
		0FE4495C2B57D3B60054DED3 /* UniversityDTO */ = {
			isa = PBXGroup;
			children = (
				0FE4495D2B57D3FE0054DED3 /* UnivsResponseModel.swift */,
			);
			path = UniversityDTO;
			sourceTree = "<group>";
		};
		0FE449612B57DBF20054DED3 /* Storages */ = {
			isa = PBXGroup;
			children = (
				0FE449642B57DC790054DED3 /* UserDefaultsManager.swift */,
				66FF637E2AD7CE3D00A10986 /* Constants.swift */,
				668FB86E2B45734C00F5F00F /* GlobalDefine.swift */,
			);
			path = Storages;
			sourceTree = "<group>";
		};
		0FE449622B57DC190054DED3 /* DTO */ = {
			isa = PBXGroup;
			children = (
				08EC02892B67BF9C003CD556 /* UserDTO */,
				0FE4495C2B57D3B60054DED3 /* UniversityDTO */,
				6681C7A52AEA4D6F00C3D2C1 /* NetworkDTO */,
			);
			path = DTO;
			sourceTree = "<group>";
		};
		0FE449662B57DD3D0054DED3 /* Types */ = {
			isa = PBXGroup;
			children = (
				66A3FFA92B480462002DC665 /* EverMealErrorType.swift */,
			);
			path = Types;
			sourceTree = "<group>";
		};
		0FE449672B57DD7B0054DED3 /* Common */ = {
			isa = PBXGroup;
			children = (
				66FF63802AD7DEB800A10986 /* Functions.swift */,
			);
			path = Common;
			sourceTree = "<group>";
		};
		0FE449682B57DDF20054DED3 /* Platform */ = {
			isa = PBXGroup;
			children = (
				0FE4496C2B57DE1C0054DED3 /* Services */,
				0FE4496B2B57DE130054DED3 /* APIs */,
			);
			path = Platform;
			sourceTree = "<group>";
		};
		0FE4496B2B57DE130054DED3 /* APIs */ = {
			isa = PBXGroup;
			children = (
				0FE4496D2B57DE3C0054DED3 /* UnivsAPI.swift */,
				08EC02962B67C30F003CD556 /* EmailVertifyAPI.swift */,
			);
			path = APIs;
			sourceTree = "<group>";
		};
		0FE4496C2B57DE1C0054DED3 /* Services */ = {
			isa = PBXGroup;
			children = (
				0FE4496F2B57DE460054DED3 /* UnivsService.swift */,
				08EC02942B67C302003CD556 /* EmailVertifyService.swift */,
			);
			path = Services;
			sourceTree = "<group>";
		};
		663BFBA02A81EAA900A540A2 /* Components */ = {
			isa = PBXGroup;
			children = (
				0F98DB782AF8796E00F1ED14 /* BottomSheet */,
				66935D832AF1F22000E80424 /* Alert */,
				66935D872AF1F22000E80424 /* FilterBarView.swift */,
				663BFBA12A81EACC00A540A2 /* ViewModifier.swift */,
				663BFBA32A81EB2800A540A2 /* Separator.swift */,
				0FF7C7182A91ECEF00BFC33D /* GradationView.swift */,
				08A877D12ACD97ED007AEDA1 /* EverymealAlertView.swift */,
				0F58F6EA2AFA1E1600010A70 /* BaseLottieView.swift */,
				6674FC332B04BC9100CC4CA6 /* BaseWebView.swift */,
				66BEA02C2B0C8BFD00F3125B /* EveryMealToast.swift */,
			);
			path = Components;
			sourceTree = "<group>";
		};
		6681C79A2AEA44AB00C3D2C1 /* MoreStoresView */ = {
			isa = PBXGroup;
			children = (
				6681C79B2AEA44D400C3D2C1 /* MoreStoreView.swift */,
			);
			path = MoreStoresView;
			sourceTree = "<group>";
		};
		6681C7A12AEA4B7100C3D2C1 /* Domain */ = {
			isa = PBXGroup;
			children = (
				0FE449662B57DD3D0054DED3 /* Types */,
				6681C7A62AEA4DFC00C3D2C1 /* Entities */,
			);
			path = Domain;
			sourceTree = "<group>";
		};
		6681C7A22AEA4D3F00C3D2C1 /* Data */ = {
			isa = PBXGroup;
			children = (
				08EC02912B67C115003CD556 /* NetworkConfig */,
				0FE449622B57DC190054DED3 /* DTO */,
				0FE449612B57DBF20054DED3 /* Storages */,
			);
			path = Data;
			sourceTree = "<group>";
		};
		6681C7A52AEA4D6F00C3D2C1 /* NetworkDTO */ = {
			isa = PBXGroup;
			children = (
				6681C7A32AEA4D5000C3D2C1 /* MealModel.swift */,
				66A3FFA32B47F5A0002DC665 /* SampleDTO.swift */,
			);
			path = NetworkDTO;
			sourceTree = "<group>";
		};
		6681C7A62AEA4DFC00C3D2C1 /* Entities */ = {
			isa = PBXGroup;
			children = (
				6681C7A72AEA4E3400C3D2C1 /* MealEntity.swift */,
				0FE4495F2B57D4320054DED3 /* UnivsEntity.swift */,
			);
			path = Entities;
			sourceTree = "<group>";
		};
		66935D832AF1F22000E80424 /* Alert */ = {
			isa = PBXGroup;
			children = (
				66935D842AF1F22000E80424 /* CustomAlertModifier.swift */,
				66935D852AF1F22000E80424 /* CustomAlertButton.swift */,
				66935D862AF1F22000E80424 /* CustomAlert.swift */,
			);
			path = Alert;
			sourceTree = "<group>";
		};
		669734652A9F3361009DEF06 /* Review */ = {
			isa = PBXGroup;
			children = (
				087F9F542ADD63D8001DB3F2 /* Components */,
				087F9F532ADD63D1001DB3F2 /* Views */,
			);
			path = Review;
			sourceTree = "<group>";
		};
/* End PBXGroup section */

/* Begin PBXNativeTarget section */
		0F78AFF42A6CCA6B006B8C80 /* EveryMeal_iOS */ = {
			isa = PBXNativeTarget;
			buildConfigurationList = 0F78B0032A6CCA6C006B8C80 /* Build configuration list for PBXNativeTarget "EveryMeal_iOS" */;
			buildPhases = (
				0F78AFF12A6CCA6B006B8C80 /* Sources */,
				0F78AFF22A6CCA6B006B8C80 /* Frameworks */,
				0F78AFF32A6CCA6B006B8C80 /* Resources */,
			);
			buildRules = (
			);
			dependencies = (
			);
			name = EveryMeal_iOS;
			packageProductDependencies = (
				0F78B00F2A6D39AD006B8C80 /* Lottie */,
				66BEA02F2B0C9E0000F3125B /* AlertToast */,
				66A3FFA12B47C52B002DC665 /* ComposableArchitecture */,
				0FE449542B57D34D0054DED3 /* CombineMoya */,
				0FE449562B57D34D0054DED3 /* Moya */,
				0FE449582B57D34D0054DED3 /* ReactiveMoya */,
				0FE4495A2B57D34D0054DED3 /* RxMoya */,
			);
			productName = EveryMeal_iOS;
			productReference = 0F78AFF52A6CCA6B006B8C80 /* EveryMeal_iOS.app */;
			productType = "com.apple.product-type.application";
		};
/* End PBXNativeTarget section */

/* Begin PBXProject section */
		0F78AFED2A6CCA6B006B8C80 /* Project object */ = {
			isa = PBXProject;
			attributes = {
				BuildIndependentTargetsInParallel = 1;
				LastSwiftUpdateCheck = 1430;
				LastUpgradeCheck = 1430;
				TargetAttributes = {
					0F78AFF42A6CCA6B006B8C80 = {
						CreatedOnToolsVersion = 14.3.1;
					};
				};
			};
			buildConfigurationList = 0F78AFF02A6CCA6B006B8C80 /* Build configuration list for PBXProject "EveryMeal_iOS" */;
			compatibilityVersion = "Xcode 14.0";
			developmentRegion = en;
			hasScannedForEncodings = 0;
			knownRegions = (
				en,
				Base,
			);
			mainGroup = 0F78AFEC2A6CCA6B006B8C80;
			packageReferences = (
				0F78B00E2A6D39AD006B8C80 /* XCRemoteSwiftPackageReference "lottie-ios" */,
				66BEA02E2B0C9E0000F3125B /* XCRemoteSwiftPackageReference "AlertToast" */,
				66A3FFA02B47C52B002DC665 /* XCRemoteSwiftPackageReference "swift-composable-architecture" */,
				0FE449532B57D34D0054DED3 /* XCRemoteSwiftPackageReference "Moya" */,
			);
			productRefGroup = 0F78AFF62A6CCA6B006B8C80 /* Products */;
			projectDirPath = "";
			projectRoot = "";
			targets = (
				0F78AFF42A6CCA6B006B8C80 /* EveryMeal_iOS */,
			);
		};
/* End PBXProject section */

/* Begin PBXResourcesBuildPhase section */
		0F78AFF32A6CCA6B006B8C80 /* Resources */ = {
			isa = PBXResourcesBuildPhase;
			buildActionMask = 2147483647;
			files = (
				0F78B0002A6CCA6C006B8C80 /* Preview Assets.xcassets in Resources */,
				0F19FBB02AF2252900197815 /* Pretendard-Medium.otf in Resources */,
				0F82DF292B0EC7240049EDB4 /* Pretendard-SemiBold.otf in Resources */,
				0F19FBAE2AF2252900197815 /* Pretendard-Bold.otf in Resources */,
				0F78AFFD2A6CCA6C006B8C80 /* Assets.xcassets in Resources */,
				0F19FBAF2AF2252900197815 /* Pretendard-Regular.otf in Resources */,
				0F78B00B2A6D3901006B8C80 /* everymeal_splash.json in Resources */,
			);
			runOnlyForDeploymentPostprocessing = 0;
		};
/* End PBXResourcesBuildPhase section */

/* Begin PBXSourcesBuildPhase section */
		0F78AFF12A6CCA6B006B8C80 /* Sources */ = {
			isa = PBXSourcesBuildPhase;
			buildActionMask = 2147483647;
			files = (
				0F78AFFB2A6CCA6B006B8C80 /* SplashView.swift in Sources */,
				662C69012B3C15FC00B47C87 /* CameraPicker.swift in Sources */,
				08900BFC2AF27D7E00392BAE /* EmailAuthenticationView.swift in Sources */,
				0F43F6812A6EA86B00239AA4 /* MapView.swift in Sources */,
				0FE449652B57DC790054DED3 /* UserDefaultsManager.swift in Sources */,
				6681C7A02AEA4ABD00C3D2C1 /* MealItemLikeButton.swift in Sources */,
				08C3B3962AE401720067FB53 /* CustomNavigationView.swift in Sources */,
				0F7CB2CB2AF9DFA800CBE762 /* OnBoardingView.swift in Sources */,
				66A3FFA42B47F5A0002DC665 /* SampleDTO.swift in Sources */,
				08A877D22ACD97EE007AEDA1 /* EverymealAlertView.swift in Sources */,
				0F78B0142A6D39DC006B8C80 /* MainTabBarView.swift in Sources */,
				087A093E2A81545000F4D34F /* HomeReviewsView.swift in Sources */,
				087A093A2A81486400F4D34F /* HomeTopMenuView.swift in Sources */,
				0F1424242ADD3F3E00A79AA2 /* MoreReviewsView.swift in Sources */,
				0F43F6832A6EA8AC00239AA4 /* HomeView.swift in Sources */,
				08EC028C2B67BF9C003CD556 /* EmailSendResponse.swift in Sources */,
				0F1AD46F2AE0046D003E29B0 /* View+Extensions.swift in Sources */,
				0FE449602B57D4320054DED3 /* UnivsEntity.swift in Sources */,
				08D6BA692AE7F97800C0B516 /* ReviewWriteImageTextView.swift in Sources */,
				087A093C2A8153BD00F4D34F /* HomeTopThreeMealsView.swift in Sources */,
				0F660A912A84551C000074BD /* DeviceManager.swift in Sources */,
				66935D882AF1F22000E80424 /* CustomAlertModifier.swift in Sources */,
				0F8D3D052B200A440026FA5D /* CustomSheetView.swift in Sources */,
				663BFBA22A81EACC00A540A2 /* ViewModifier.swift in Sources */,
				66FF63812AD7DEB800A10986 /* Functions.swift in Sources */,
				668FB86F2B45734C00F5F00F /* GlobalDefine.swift in Sources */,
				08D6BA632AE7F6DA00C0B516 /* ReviewStarPointView.swift in Sources */,
				08D6BA642AE7F6DA00C0B516 /* WriteReviewStoreSearchView.swift in Sources */,
				087A09382A81481100F4D34F /* HomeHeaderView.swift in Sources */,
				08D6BA6A2AE7F97800C0B516 /* ImagePicker.swift in Sources */,
				663BFBA42A81EB2800A540A2 /* Separator.swift in Sources */,
				085C7F002B4A9F450020DC51 /* EmailAuthenticationClient.swift in Sources */,
				0FF7C7192A91ECEF00BFC33D /* GradationView.swift in Sources */,
				0FE4496E2B57DE3C0054DED3 /* UnivsAPI.swift in Sources */,
				087F9F522ADD63C6001DB3F2 /* ReviewDetailView.swift in Sources */,
				0FE4495E2B57D3FE0054DED3 /* UnivsResponseModel.swift in Sources */,
				0F3BBF2D2AF23244003EBAB7 /* Font+Extensions.swift in Sources */,
				0F58F6EB2AFA1E1600010A70 /* BaseLottieView.swift in Sources */,
				663260AD2AF1F819006FC22C /* MealHGridView.swift in Sources */,
				0836A5732B44236C0098A41A /* AuthSuccessView.swift in Sources */,
				6681C7AA2AEA4FA700C3D2C1 /* EveryMealButton.swift in Sources */,
				662C68FF2B3BECCE00B47C87 /* SelectProfileImagePopupView.swift in Sources */,
				081196B62AE36B100022B41A /* UIApplication+Extensions.swift in Sources */,
				66BEA02D2B0C8BFD00F3125B /* EveryMealToast.swift in Sources */,
				08EC028D2B67BF9C003CD556 /* EmailSendRequest.swift in Sources */,
				0F95A0932B0F1CF2000317D8 /* SignOutDetailView.swift in Sources */,
				08EC02972B67C30F003CD556 /* EmailVertifyAPI.swift in Sources */,
				0FE449702B57DE460054DED3 /* UnivsService.swift in Sources */,
				6681C79E2AEA49B900C3D2C1 /* MealVerticalItemView.swift in Sources */,
				085C7EFE2B4A9EFE0020DC51 /* EmailAuthenticationReducer.swift in Sources */,
				0F69AFCA2B09E422008C98C6 /* SignOutView.swift in Sources */,
				6674FC342B04BC9100CC4CA6 /* BaseWebView.swift in Sources */,
				08D6BA652AE7F6DA00C0B516 /* ReviewStoreSearchListView.swift in Sources */,
				0F5B15742A7F8C9C00E698F4 /* Color+Extensions.swift in Sources */,
				0F6685EF2B037C3300EA1281 /* MyPageView.swift in Sources */,
				0F80B4032ABAFABF00167AB6 /* MoreBestRestaurantView.swift in Sources */,
				6681C79C2AEA44D400C3D2C1 /* MoreStoreView.swift in Sources */,
				0F78AFF92A6CCA6B006B8C80 /* EveryMeal_iOSApp.swift in Sources */,
				66935D892AF1F22000E80424 /* CustomAlertButton.swift in Sources */,
				664CC42C2AEA6274000EEBC5 /* MealHorizontalItemView.swift in Sources */,
				6681C7A82AEA4E3400C3D2C1 /* MealEntity.swift in Sources */,
				66A3FFA62B47F878002DC665 /* MapReducer.swift in Sources */,
				0F4C83572A7727BF0006A8EA /* ChooseUnivView.swift in Sources */,
				6681C7A42AEA4D5000C3D2C1 /* MealModel.swift in Sources */,
				08EC02952B67C302003CD556 /* EmailVertifyService.swift in Sources */,
				08D6BA662AE7F6DA00C0B516 /* ReviewStoreSearchListRecentCell.swift in Sources */,
				66A3FFAA2B480462002DC665 /* EverMealErrorType.swift in Sources */,
				66A3FFA82B47FB15002DC665 /* MapClient.swift in Sources */,
				66BEA02B2B0C7C5900F3125B /* EmailAuthPopupView.swift in Sources */,
				0FE449722B57DFBE0054DED3 /* Moya+Extensions.swift in Sources */,
				66935D8B2AF1F22000E80424 /* FilterBarView.swift in Sources */,
				08EC02932B67C126003CD556 /* URLConstants.swift in Sources */,
				66FF637F2AD7CE3D00A10986 /* Constants.swift in Sources */,
				66935D8A2AF1F22000E80424 /* CustomAlert.swift in Sources */,
			);
			runOnlyForDeploymentPostprocessing = 0;
		};
/* End PBXSourcesBuildPhase section */

/* Begin XCBuildConfiguration section */
		0F78B0012A6CCA6C006B8C80 /* Debug */ = {
			isa = XCBuildConfiguration;
			buildSettings = {
				ALWAYS_SEARCH_USER_PATHS = NO;
				CLANG_ANALYZER_NONNULL = YES;
				CLANG_ANALYZER_NUMBER_OBJECT_CONVERSION = YES_AGGRESSIVE;
				CLANG_CXX_LANGUAGE_STANDARD = "gnu++20";
				CLANG_ENABLE_MODULES = YES;
				CLANG_ENABLE_OBJC_ARC = YES;
				CLANG_ENABLE_OBJC_WEAK = YES;
				CLANG_WARN_BLOCK_CAPTURE_AUTORELEASING = YES;
				CLANG_WARN_BOOL_CONVERSION = YES;
				CLANG_WARN_COMMA = YES;
				CLANG_WARN_CONSTANT_CONVERSION = YES;
				CLANG_WARN_DEPRECATED_OBJC_IMPLEMENTATIONS = YES;
				CLANG_WARN_DIRECT_OBJC_ISA_USAGE = YES_ERROR;
				CLANG_WARN_DOCUMENTATION_COMMENTS = YES;
				CLANG_WARN_EMPTY_BODY = YES;
				CLANG_WARN_ENUM_CONVERSION = YES;
				CLANG_WARN_INFINITE_RECURSION = YES;
				CLANG_WARN_INT_CONVERSION = YES;
				CLANG_WARN_NON_LITERAL_NULL_CONVERSION = YES;
				CLANG_WARN_OBJC_IMPLICIT_RETAIN_SELF = YES;
				CLANG_WARN_OBJC_LITERAL_CONVERSION = YES;
				CLANG_WARN_OBJC_ROOT_CLASS = YES_ERROR;
				CLANG_WARN_QUOTED_INCLUDE_IN_FRAMEWORK_HEADER = YES;
				CLANG_WARN_RANGE_LOOP_ANALYSIS = YES;
				CLANG_WARN_STRICT_PROTOTYPES = YES;
				CLANG_WARN_SUSPICIOUS_MOVE = YES;
				CLANG_WARN_UNGUARDED_AVAILABILITY = YES_AGGRESSIVE;
				CLANG_WARN_UNREACHABLE_CODE = YES;
				CLANG_WARN__DUPLICATE_METHOD_MATCH = YES;
				COPY_PHASE_STRIP = NO;
				DEBUG_INFORMATION_FORMAT = dwarf;
				ENABLE_STRICT_OBJC_MSGSEND = YES;
				ENABLE_TESTABILITY = YES;
				GCC_C_LANGUAGE_STANDARD = gnu11;
				GCC_DYNAMIC_NO_PIC = NO;
				GCC_NO_COMMON_BLOCKS = YES;
				GCC_OPTIMIZATION_LEVEL = 0;
				GCC_PREPROCESSOR_DEFINITIONS = (
					"DEBUG=1",
					"$(inherited)",
				);
				GCC_WARN_64_TO_32_BIT_CONVERSION = YES;
				GCC_WARN_ABOUT_RETURN_TYPE = YES_ERROR;
				GCC_WARN_UNDECLARED_SELECTOR = YES;
				GCC_WARN_UNINITIALIZED_AUTOS = YES_AGGRESSIVE;
				GCC_WARN_UNUSED_FUNCTION = YES;
				GCC_WARN_UNUSED_VARIABLE = YES;
				IPHONEOS_DEPLOYMENT_TARGET = 16.4;
				MTL_ENABLE_DEBUG_INFO = INCLUDE_SOURCE;
				MTL_FAST_MATH = YES;
				ONLY_ACTIVE_ARCH = YES;
				SDKROOT = iphoneos;
				SWIFT_ACTIVE_COMPILATION_CONDITIONS = DEBUG;
				SWIFT_OPTIMIZATION_LEVEL = "-Onone";
			};
			name = Debug;
		};
		0F78B0022A6CCA6C006B8C80 /* Release */ = {
			isa = XCBuildConfiguration;
			buildSettings = {
				ALWAYS_SEARCH_USER_PATHS = NO;
				CLANG_ANALYZER_NONNULL = YES;
				CLANG_ANALYZER_NUMBER_OBJECT_CONVERSION = YES_AGGRESSIVE;
				CLANG_CXX_LANGUAGE_STANDARD = "gnu++20";
				CLANG_ENABLE_MODULES = YES;
				CLANG_ENABLE_OBJC_ARC = YES;
				CLANG_ENABLE_OBJC_WEAK = YES;
				CLANG_WARN_BLOCK_CAPTURE_AUTORELEASING = YES;
				CLANG_WARN_BOOL_CONVERSION = YES;
				CLANG_WARN_COMMA = YES;
				CLANG_WARN_CONSTANT_CONVERSION = YES;
				CLANG_WARN_DEPRECATED_OBJC_IMPLEMENTATIONS = YES;
				CLANG_WARN_DIRECT_OBJC_ISA_USAGE = YES_ERROR;
				CLANG_WARN_DOCUMENTATION_COMMENTS = YES;
				CLANG_WARN_EMPTY_BODY = YES;
				CLANG_WARN_ENUM_CONVERSION = YES;
				CLANG_WARN_INFINITE_RECURSION = YES;
				CLANG_WARN_INT_CONVERSION = YES;
				CLANG_WARN_NON_LITERAL_NULL_CONVERSION = YES;
				CLANG_WARN_OBJC_IMPLICIT_RETAIN_SELF = YES;
				CLANG_WARN_OBJC_LITERAL_CONVERSION = YES;
				CLANG_WARN_OBJC_ROOT_CLASS = YES_ERROR;
				CLANG_WARN_QUOTED_INCLUDE_IN_FRAMEWORK_HEADER = YES;
				CLANG_WARN_RANGE_LOOP_ANALYSIS = YES;
				CLANG_WARN_STRICT_PROTOTYPES = YES;
				CLANG_WARN_SUSPICIOUS_MOVE = YES;
				CLANG_WARN_UNGUARDED_AVAILABILITY = YES_AGGRESSIVE;
				CLANG_WARN_UNREACHABLE_CODE = YES;
				CLANG_WARN__DUPLICATE_METHOD_MATCH = YES;
				COPY_PHASE_STRIP = NO;
				DEBUG_INFORMATION_FORMAT = "dwarf-with-dsym";
				ENABLE_NS_ASSERTIONS = NO;
				ENABLE_STRICT_OBJC_MSGSEND = YES;
				GCC_C_LANGUAGE_STANDARD = gnu11;
				GCC_NO_COMMON_BLOCKS = YES;
				GCC_WARN_64_TO_32_BIT_CONVERSION = YES;
				GCC_WARN_ABOUT_RETURN_TYPE = YES_ERROR;
				GCC_WARN_UNDECLARED_SELECTOR = YES;
				GCC_WARN_UNINITIALIZED_AUTOS = YES_AGGRESSIVE;
				GCC_WARN_UNUSED_FUNCTION = YES;
				GCC_WARN_UNUSED_VARIABLE = YES;
				IPHONEOS_DEPLOYMENT_TARGET = 16.4;
				MTL_ENABLE_DEBUG_INFO = NO;
				MTL_FAST_MATH = YES;
				SDKROOT = iphoneos;
				SWIFT_COMPILATION_MODE = wholemodule;
				SWIFT_OPTIMIZATION_LEVEL = "-O";
				VALIDATE_PRODUCT = YES;
			};
			name = Release;
		};
		0F78B0042A6CCA6C006B8C80 /* Debug */ = {
			isa = XCBuildConfiguration;
			buildSettings = {
				ASSETCATALOG_COMPILER_APPICON_NAME = AppIcon;
				ASSETCATALOG_COMPILER_GLOBAL_ACCENT_COLOR_NAME = AccentColor;
				CODE_SIGN_IDENTITY = "Apple Development";
				CODE_SIGN_STYLE = Automatic;
				CURRENT_PROJECT_VERSION = 1;
				DEVELOPMENT_ASSET_PATHS = "\"EveryMeal_iOS/Preview Content\"";
				DEVELOPMENT_TEAM = 758HB8VJD7;
				ENABLE_PREVIEWS = YES;
				GENERATE_INFOPLIST_FILE = YES;
				INFOPLIST_FILE = Info.plist;
				INFOPLIST_KEY_CFBundleDisplayName = "에브리밀";
				INFOPLIST_KEY_NSCameraUsageDescription = "카메라 권한 허용?";
				INFOPLIST_KEY_NSPhotoLibraryUsageDescription = "사진 권한 허용?";
				INFOPLIST_KEY_UIApplicationSceneManifest_Generation = YES;
				INFOPLIST_KEY_UIApplicationSupportsIndirectInputEvents = YES;
				INFOPLIST_KEY_UILaunchScreen_Generation = YES;
				INFOPLIST_KEY_UISupportedInterfaceOrientations = UIInterfaceOrientationPortrait;
				IPHONEOS_DEPLOYMENT_TARGET = 16.0;
				LD_RUNPATH_SEARCH_PATHS = (
					"$(inherited)",
					"@executable_path/Frameworks",
				);
				MARKETING_VERSION = 1.0.0;
				PRODUCT_BUNDLE_IDENTIFIER = com.everyMeal.EveryMeal2;
				PRODUCT_NAME = "$(TARGET_NAME)";
				PROVISIONING_PROFILE_SPECIFIER = "";
				SWIFT_EMIT_LOC_STRINGS = YES;
				SWIFT_INCLUDE_PATHS = "";
				SWIFT_VERSION = 5.0;
				TARGETED_DEVICE_FAMILY = "1,2";
			};
			name = Debug;
		};
		0F78B0052A6CCA6C006B8C80 /* Release */ = {
			isa = XCBuildConfiguration;
			buildSettings = {
				ASSETCATALOG_COMPILER_APPICON_NAME = AppIcon;
				ASSETCATALOG_COMPILER_GLOBAL_ACCENT_COLOR_NAME = AccentColor;
				CODE_SIGN_IDENTITY = "Apple Development";
				CODE_SIGN_STYLE = Automatic;
				CURRENT_PROJECT_VERSION = 1;
				DEVELOPMENT_ASSET_PATHS = "\"EveryMeal_iOS/Preview Content\"";
				DEVELOPMENT_TEAM = 758HB8VJD7;
				ENABLE_PREVIEWS = YES;
				GENERATE_INFOPLIST_FILE = YES;
				INFOPLIST_FILE = Info.plist;
				INFOPLIST_KEY_CFBundleDisplayName = "에브리밀";
				INFOPLIST_KEY_NSCameraUsageDescription = "카메라 권한 허용?";
				INFOPLIST_KEY_NSPhotoLibraryUsageDescription = "사진 권한 허용?";
				INFOPLIST_KEY_UIApplicationSceneManifest_Generation = YES;
				INFOPLIST_KEY_UIApplicationSupportsIndirectInputEvents = YES;
				INFOPLIST_KEY_UILaunchScreen_Generation = YES;
				INFOPLIST_KEY_UISupportedInterfaceOrientations = UIInterfaceOrientationPortrait;
				IPHONEOS_DEPLOYMENT_TARGET = 16.0;
				LD_RUNPATH_SEARCH_PATHS = (
					"$(inherited)",
					"@executable_path/Frameworks",
				);
				MARKETING_VERSION = 1.0.0;
				PRODUCT_BUNDLE_IDENTIFIER = com.everyMeal.EveryMeal2;
				PRODUCT_NAME = "$(TARGET_NAME)";
				PROVISIONING_PROFILE_SPECIFIER = "";
				SWIFT_EMIT_LOC_STRINGS = YES;
				SWIFT_VERSION = 5.0;
				TARGETED_DEVICE_FAMILY = "1,2";
			};
			name = Release;
		};
/* End XCBuildConfiguration section */

/* Begin XCConfigurationList section */
		0F78AFF02A6CCA6B006B8C80 /* Build configuration list for PBXProject "EveryMeal_iOS" */ = {
			isa = XCConfigurationList;
			buildConfigurations = (
				0F78B0012A6CCA6C006B8C80 /* Debug */,
				0F78B0022A6CCA6C006B8C80 /* Release */,
			);
			defaultConfigurationIsVisible = 0;
			defaultConfigurationName = Release;
		};
		0F78B0032A6CCA6C006B8C80 /* Build configuration list for PBXNativeTarget "EveryMeal_iOS" */ = {
			isa = XCConfigurationList;
			buildConfigurations = (
				0F78B0042A6CCA6C006B8C80 /* Debug */,
				0F78B0052A6CCA6C006B8C80 /* Release */,
			);
			defaultConfigurationIsVisible = 0;
			defaultConfigurationName = Release;
		};
/* End XCConfigurationList section */

/* Begin XCRemoteSwiftPackageReference section */
		0F78B00E2A6D39AD006B8C80 /* XCRemoteSwiftPackageReference "lottie-ios" */ = {
			isa = XCRemoteSwiftPackageReference;
			repositoryURL = "https://github.com/airbnb/lottie-ios.git";
			requirement = {
				kind = upToNextMajorVersion;
				minimumVersion = 4.0.0;
			};
		};
		0FE449532B57D34D0054DED3 /* XCRemoteSwiftPackageReference "Moya" */ = {
			isa = XCRemoteSwiftPackageReference;
			repositoryURL = "https://github.com/Moya/Moya.git";
			requirement = {
				kind = upToNextMajorVersion;
				minimumVersion = 15.0.3;
			};
		};
		66A3FFA02B47C52B002DC665 /* XCRemoteSwiftPackageReference "swift-composable-architecture" */ = {
			isa = XCRemoteSwiftPackageReference;
			repositoryURL = "https://github.com/pointfreeco/swift-composable-architecture";
			requirement = {
				kind = upToNextMajorVersion;
				minimumVersion = 1.5.6;
			};
		};
		66BEA02E2B0C9E0000F3125B /* XCRemoteSwiftPackageReference "AlertToast" */ = {
			isa = XCRemoteSwiftPackageReference;
			repositoryURL = "https://github.com/elai950/AlertToast";
			requirement = {
				kind = upToNextMajorVersion;
				minimumVersion = 1.3.9;
			};
		};
/* End XCRemoteSwiftPackageReference section */

/* Begin XCSwiftPackageProductDependency section */
		0F78B00F2A6D39AD006B8C80 /* Lottie */ = {
			isa = XCSwiftPackageProductDependency;
			package = 0F78B00E2A6D39AD006B8C80 /* XCRemoteSwiftPackageReference "lottie-ios" */;
			productName = Lottie;
		};
		0FE449542B57D34D0054DED3 /* CombineMoya */ = {
			isa = XCSwiftPackageProductDependency;
			package = 0FE449532B57D34D0054DED3 /* XCRemoteSwiftPackageReference "Moya" */;
			productName = CombineMoya;
		};
		0FE449562B57D34D0054DED3 /* Moya */ = {
			isa = XCSwiftPackageProductDependency;
			package = 0FE449532B57D34D0054DED3 /* XCRemoteSwiftPackageReference "Moya" */;
			productName = Moya;
		};
		0FE449582B57D34D0054DED3 /* ReactiveMoya */ = {
			isa = XCSwiftPackageProductDependency;
			package = 0FE449532B57D34D0054DED3 /* XCRemoteSwiftPackageReference "Moya" */;
			productName = ReactiveMoya;
		};
		0FE4495A2B57D34D0054DED3 /* RxMoya */ = {
			isa = XCSwiftPackageProductDependency;
			package = 0FE449532B57D34D0054DED3 /* XCRemoteSwiftPackageReference "Moya" */;
			productName = RxMoya;
		};
		66A3FFA12B47C52B002DC665 /* ComposableArchitecture */ = {
			isa = XCSwiftPackageProductDependency;
			package = 66A3FFA02B47C52B002DC665 /* XCRemoteSwiftPackageReference "swift-composable-architecture" */;
			productName = ComposableArchitecture;
		};
		66BEA02F2B0C9E0000F3125B /* AlertToast */ = {
			isa = XCSwiftPackageProductDependency;
			package = 66BEA02E2B0C9E0000F3125B /* XCRemoteSwiftPackageReference "AlertToast" */;
			productName = AlertToast;
		};
/* End XCSwiftPackageProductDependency section */
	};
	rootObject = 0F78AFED2A6CCA6B006B8C80 /* Project object */;
}
